{
  "version": 4,
  "terraform_version": "1.14.3",
  "serial": 200,
  "lineage": "8484e8a6-a370-a338-8d32-866560d62154",
  "outputs": {
    "cluster_inventory_file": {
      "value": "./inventory/cluster-inventory",
      "type": "string"
    },
    "object_id": {
      "value": "86504118-b1b6-4f2e-8d6c-8d6d60a8f919",
      "type": "string"
    },
    "vm_ip_addresses": {
      "value": {},
      "type": [
        "object",
        {}
      ]
    },
    "vm_role_groups": {
      "value": {},
      "type": [
        "object",
        {}
      ]
    }
  },
  "resources": [
    {
      "mode": "data",
      "type": "azurerm_client_config",
      "name": "current",
      "provider": "provider[\"registry.terraform.io/hashicorp/azurerm\"]",
      "instances": [
        {
          "schema_version": 0,
          "attributes": {
            "client_id": "04b07795-8ddb-461a-bbee-02f9e1bf7b46",
            "id": "Y2xpZW50Q29uZmlncy9jbGllbnRJZD0wNGIwNzc5NS04ZGRiLTQ2MWEtYmJlZS0wMmY5ZTFiZjdiNDY7b2JqZWN0SWQ9ODY1MDQxMTgtYjFiNi00ZjJlLThkNmMtOGQ2ZDYwYThmOTE5O3N1YnNjcmlwdGlvbklkPWYzODE0MTQ0LTA1NDgtNDY3Yi04ZWRkLTVjNDc3N2I0NGQxMDt0ZW5hbnRJZD0xNmIzYzAxMy1kMzAwLTQ2OGQtYWM2NC03ZWRhMDgyMGI2ZDM=",
            "object_id": "86504118-b1b6-4f2e-8d6c-8d6d60a8f919",
            "subscription_id": "f3814144-0548-467b-8edd-5c4777b44d10",
            "tenant_id": "16b3c013-d300-468d-ac64-7eda0820b6d3",
            "timeouts": null
          },
          "sensitive_attributes": [],
          "identity_schema_version": 0
        }
      ]
    },
    {
      "mode": "data",
      "type": "azurerm_subscription",
      "name": "current",
      "provider": "provider[\"registry.terraform.io/hashicorp/azurerm\"]",
      "instances": [
        {
          "schema_version": 0,
          "attributes": {
            "display_name": "MCAPS-Hybrid-REQ-122372-2025-chunzhang",
            "id": "/subscriptions/f3814144-0548-467b-8edd-5c4777b44d10",
            "location_placement_id": "Internal_2014-09-01",
            "quota_id": "Internal_2014-09-01",
            "spending_limit": "Off",
            "state": "Enabled",
            "subscription_id": "f3814144-0548-467b-8edd-5c4777b44d10",
            "tags": {
              "tag1": "MCAPS-Hybrid-REQ-122372-2025-chunzhang",
              "tag2": "Hybrid"
            },
            "tenant_id": "16b3c013-d300-468d-ac64-7eda0820b6d3",
            "timeouts": null
          },
          "sensitive_attributes": [],
          "identity_schema_version": 0
        }
      ]
    },
    {
      "mode": "managed",
      "type": "azurerm_resource_group",
      "name": "kube",
      "provider": "provider[\"registry.terraform.io/hashicorp/azurerm\"]",
      "instances": [
        {
          "schema_version": 0,
          "attributes": {
            "id": "/subscriptions/f3814144-0548-467b-8edd-5c4777b44d10/resourceGroups/tf-rg-aks-tfdemo",
            "location": "westus2",
            "managed_by": "",
            "name": "tf-rg-aks-tfdemo",
            "tags": {
              "environment": "Demo"
            },
            "timeouts": null
          },
          "sensitive_attributes": [],
          "identity_schema_version": 0,
          "private": "eyJlMmJmYjczMC1lY2FhLTExZTYtOGY4OC0zNDM2M2JjN2M0YzAiOnsiY3JlYXRlIjo1NDAwMDAwMDAwMDAwLCJkZWxldGUiOjU0MDAwMDAwMDAwMDAsInJlYWQiOjMwMDAwMDAwMDAwMCwidXBkYXRlIjo1NDAwMDAwMDAwMDAwfX0="
        }
      ]
    },
    {
      "mode": "managed",
      "type": "local_file",
      "name": "cluster_inventory",
      "provider": "provider[\"registry.terraform.io/hashicorp/local\"]",
      "instances": [
        {
          "schema_version": 0,
          "attributes": {
            "content": "\n[victoria_cluster:children]\n\n# No cluster child groups were generated\n\n\n",
            "content_base64": null,
            "content_base64sha256": "8Lm8bkaED+ksvCN2/hrvKaU/L69WWkAQHqABw1x8SWY=",
            "content_base64sha512": "df/oO3Iy9k+5NAJJuInbyJXQtHN/alO3RkHbQjjv4fTWEESe1pbNVG0k79TeKISy7kCDGB+jnIV424S8eSwX9Q==",
            "content_md5": "a3c64abe6474c1007de8f6c3300fe42f",
            "content_sha1": "92c6dd4a33ca3853e68fa04c7c8afe89004605a5",
            "content_sha256": "f0b9bc6e46840fe92cbc2376fe1aef29a53f2faf565a40101ea001c35c7c4966",
            "content_sha512": "75ffe83b7232f64fb9340249b889dbc895d0b4737f6a53b74641db4238efe1f4d610449ed696cd546d24efd4de2884b2ee4083181fa39c8578db84bc792c17f5",
            "directory_permission": "0777",
            "file_permission": "0777",
            "filename": "./inventory/cluster-inventory",
            "id": "92c6dd4a33ca3853e68fa04c7c8afe89004605a5",
            "sensitive_content": null,
            "source": null
          },
          "sensitive_attributes": [
            [
              {
                "type": "get_attr",
                "value": "sensitive_content"
              }
            ]
          ],
          "identity_schema_version": 0,
          "dependencies": [
            "azurerm_resource_group.kube",
            "module.kube_network.azurerm_subnet.subnet",
            "module.kube_network.azurerm_virtual_network.vnet",
            "module.vm.azurerm_linux_virtual_machine.vm",
            "module.vm.azurerm_network_interface.vm",
            "module.vm.azurerm_network_interface_security_group_association.vm",
            "module.vm.azurerm_network_security_group.vm",
            "module.vm.azurerm_public_ip.vm",
            "module.vm.azurerm_windows_virtual_machine.vm",
            "module.vm.random_password.vm_password"
          ]
        }
      ]
    },
    {
      "module": "module.kube_network",
      "mode": "managed",
      "type": "azurerm_subnet",
      "name": "subnet",
      "provider": "provider[\"registry.terraform.io/hashicorp/azurerm\"]",
      "instances": [
        {
          "index_key": "appgw-subnet",
          "schema_version": 0,
          "attributes": {
            "address_prefixes": [
              "10.4.2.0/24"
            ],
            "default_outbound_access_enabled": true,
            "delegation": [],
            "enforce_private_link_endpoint_network_policies": false,
            "enforce_private_link_service_network_policies": false,
            "id": "/subscriptions/f3814144-0548-467b-8edd-5c4777b44d10/resourceGroups/tf-rg-aks-tfdemo/providers/Microsoft.Network/virtualNetworks/tf-aks-kubevnet/subnets/appgw-subnet",
            "name": "appgw-subnet",
            "private_endpoint_network_policies": "Enabled",
            "private_endpoint_network_policies_enabled": true,
            "private_link_service_network_policies_enabled": true,
            "resource_group_name": "tf-rg-aks-tfdemo",
            "service_endpoint_policy_ids": null,
            "service_endpoints": null,
            "timeouts": null,
            "virtual_network_name": "tf-aks-kubevnet"
          },
          "sensitive_attributes": [],
          "identity_schema_version": 0,
          "private": "eyJlMmJmYjczMC1lY2FhLTExZTYtOGY4OC0zNDM2M2JjN2M0YzAiOnsiY3JlYXRlIjoxODAwMDAwMDAwMDAwLCJkZWxldGUiOjE4MDAwMDAwMDAwMDAsInJlYWQiOjMwMDAwMDAwMDAwMCwidXBkYXRlIjoxODAwMDAwMDAwMDAwfX0=",
          "dependencies": [
            "azurerm_resource_group.kube",
            "module.kube_network.azurerm_virtual_network.vnet"
          ]
        },
        {
          "index_key": "ingress-subnet",
          "schema_version": 0,
          "attributes": {
            "address_prefixes": [
              "10.4.3.0/24"
            ],
            "default_outbound_access_enabled": true,
            "delegation": [
              {
                "name": "ingress_delegation",
                "service_delegation": [
                  {
                    "actions": [
                      "Microsoft.Network/virtualNetworks/subnets/join/action"
                    ],
                    "name": "Microsoft.ServiceNetworking/trafficControllers"
                  }
                ]
              }
            ],
            "enforce_private_link_endpoint_network_policies": false,
            "enforce_private_link_service_network_policies": false,
            "id": "/subscriptions/f3814144-0548-467b-8edd-5c4777b44d10/resourceGroups/tf-rg-aks-tfdemo/providers/Microsoft.Network/virtualNetworks/tf-aks-kubevnet/subnets/ingress-subnet",
            "name": "ingress-subnet",
            "private_endpoint_network_policies": "Enabled",
            "private_endpoint_network_policies_enabled": true,
            "private_link_service_network_policies_enabled": true,
            "resource_group_name": "tf-rg-aks-tfdemo",
            "service_endpoint_policy_ids": null,
            "service_endpoints": null,
            "timeouts": null,
            "virtual_network_name": "tf-aks-kubevnet"
          },
          "sensitive_attributes": [],
          "identity_schema_version": 0,
          "private": "eyJlMmJmYjczMC1lY2FhLTExZTYtOGY4OC0zNDM2M2JjN2M0YzAiOnsiY3JlYXRlIjoxODAwMDAwMDAwMDAwLCJkZWxldGUiOjE4MDAwMDAwMDAwMDAsInJlYWQiOjMwMDAwMDAwMDAwMCwidXBkYXRlIjoxODAwMDAwMDAwMDAwfX0=",
          "dependencies": [
            "azurerm_resource_group.kube",
            "module.kube_network.azurerm_virtual_network.vnet"
          ]
        },
        {
          "index_key": "node-subnet",
          "schema_version": 0,
          "attributes": {
            "address_prefixes": [
              "10.4.0.0/24"
            ],
            "default_outbound_access_enabled": true,
            "delegation": [],
            "enforce_private_link_endpoint_network_policies": false,
            "enforce_private_link_service_network_policies": false,
            "id": "/subscriptions/f3814144-0548-467b-8edd-5c4777b44d10/resourceGroups/tf-rg-aks-tfdemo/providers/Microsoft.Network/virtualNetworks/tf-aks-kubevnet/subnets/node-subnet",
            "name": "node-subnet",
            "private_endpoint_network_policies": "Enabled",
            "private_endpoint_network_policies_enabled": true,
            "private_link_service_network_policies_enabled": true,
            "resource_group_name": "tf-rg-aks-tfdemo",
            "service_endpoint_policy_ids": null,
            "service_endpoints": null,
            "timeouts": null,
            "virtual_network_name": "tf-aks-kubevnet"
          },
          "sensitive_attributes": [],
          "identity_schema_version": 0,
          "private": "eyJlMmJmYjczMC1lY2FhLTExZTYtOGY4OC0zNDM2M2JjN2M0YzAiOnsiY3JlYXRlIjoxODAwMDAwMDAwMDAwLCJkZWxldGUiOjE4MDAwMDAwMDAwMDAsInJlYWQiOjMwMDAwMDAwMDAwMCwidXBkYXRlIjoxODAwMDAwMDAwMDAwfX0=",
          "dependencies": [
            "azurerm_resource_group.kube",
            "module.kube_network.azurerm_virtual_network.vnet"
          ]
        },
        {
          "index_key": "pod-subnet",
          "schema_version": 0,
          "attributes": {
            "address_prefixes": [
              "10.4.1.0/24"
            ],
            "default_outbound_access_enabled": true,
            "delegation": [
              {
                "name": "aks_delegation",
                "service_delegation": [
                  {
                    "actions": [
                      "Microsoft.Network/virtualNetworks/subnets/join/action"
                    ],
                    "name": "Microsoft.ContainerService/managedClusters"
                  }
                ]
              }
            ],
            "enforce_private_link_endpoint_network_policies": false,
            "enforce_private_link_service_network_policies": false,
            "id": "/subscriptions/f3814144-0548-467b-8edd-5c4777b44d10/resourceGroups/tf-rg-aks-tfdemo/providers/Microsoft.Network/virtualNetworks/tf-aks-kubevnet/subnets/pod-subnet",
            "name": "pod-subnet",
            "private_endpoint_network_policies": "Enabled",
            "private_endpoint_network_policies_enabled": true,
            "private_link_service_network_policies_enabled": true,
            "resource_group_name": "tf-rg-aks-tfdemo",
            "service_endpoint_policy_ids": null,
            "service_endpoints": null,
            "timeouts": null,
            "virtual_network_name": "tf-aks-kubevnet"
          },
          "sensitive_attributes": [],
          "identity_schema_version": 0,
          "private": "eyJlMmJmYjczMC1lY2FhLTExZTYtOGY4OC0zNDM2M2JjN2M0YzAiOnsiY3JlYXRlIjoxODAwMDAwMDAwMDAwLCJkZWxldGUiOjE4MDAwMDAwMDAwMDAsInJlYWQiOjMwMDAwMDAwMDAwMCwidXBkYXRlIjoxODAwMDAwMDAwMDAwfX0=",
          "dependencies": [
            "azurerm_resource_group.kube",
            "module.kube_network.azurerm_virtual_network.vnet"
          ]
        }
      ]
    },
    {
      "module": "module.kube_network",
      "mode": "managed",
      "type": "azurerm_virtual_network",
      "name": "vnet",
      "provider": "provider[\"registry.terraform.io/hashicorp/azurerm\"]",
      "instances": [
        {
          "schema_version": 0,
          "attributes": {
            "address_space": [
              "10.4.0.0/22"
            ],
            "bgp_community": "",
            "ddos_protection_plan": [],
            "dns_servers": [],
            "edge_zone": "",
            "encryption": [],
            "flow_timeout_in_minutes": 0,
            "guid": "8ef71318-8698-432a-ab97-1c08cd9c40d9",
            "id": "/subscriptions/f3814144-0548-467b-8edd-5c4777b44d10/resourceGroups/tf-rg-aks-tfdemo/providers/Microsoft.Network/virtualNetworks/tf-aks-kubevnet",
            "location": "westus2",
            "name": "tf-aks-kubevnet",
            "resource_group_name": "tf-rg-aks-tfdemo",
            "subnet": [],
            "tags": null,
            "timeouts": null
          },
          "sensitive_attributes": [],
          "identity_schema_version": 0,
          "private": "eyJlMmJmYjczMC1lY2FhLTExZTYtOGY4OC0zNDM2M2JjN2M0YzAiOnsiY3JlYXRlIjoxODAwMDAwMDAwMDAwLCJkZWxldGUiOjE4MDAwMDAwMDAwMDAsInJlYWQiOjMwMDAwMDAwMDAwMCwidXBkYXRlIjoxODAwMDAwMDAwMDAwfX0=",
          "dependencies": [
            "azurerm_resource_group.kube"
          ]
        }
      ]
    },
    {
      "module": "module.vm",
      "mode": "managed",
      "type": "azurerm_network_security_group",
      "name": "vm",
      "provider": "provider[\"registry.terraform.io/hashicorp/azurerm\"]",
      "instances": [
        {
          "schema_version": 0,
          "attributes": {
            "id": "/subscriptions/f3814144-0548-467b-8edd-5c4777b44d10/resourceGroups/tf-rg-aks-tfdemo/providers/Microsoft.Network/networkSecurityGroups/tf-vm-nsg",
            "location": "westus2",
            "name": "tf-vm-nsg",
            "resource_group_name": "tf-rg-aks-tfdemo",
            "security_rule": [],
            "tags": {
              "CostCenter": "Infrastructure",
              "Project": "GitOps-AKS"
            },
            "timeouts": null
          },
          "sensitive_attributes": [],
          "identity_schema_version": 0,
          "private": "eyJlMmJmYjczMC1lY2FhLTExZTYtOGY4OC0zNDM2M2JjN2M0YzAiOnsiY3JlYXRlIjoxODAwMDAwMDAwMDAwLCJkZWxldGUiOjE4MDAwMDAwMDAwMDAsInJlYWQiOjMwMDAwMDAwMDAwMCwidXBkYXRlIjoxODAwMDAwMDAwMDAwfX0=",
          "dependencies": [
            "azurerm_resource_group.kube",
            "module.kube_network.azurerm_subnet.subnet",
            "module.kube_network.azurerm_virtual_network.vnet"
          ]
        }
      ]
    }
  ],
  "check_results": null
}
