{
  "version": 4,
  "terraform_version": "1.14.3",
  "serial": 156,
  "lineage": "8484e8a6-a370-a338-8d32-866560d62154",
  "outputs": {
    "cluster_inventory_file": {
      "value": "./inventory/cluster-inventory",
      "type": "string"
    },
    "object_id": {
      "value": "86504118-b1b6-4f2e-8d6c-8d6d60a8f919",
      "type": "string"
    },
    "vm_ip_addresses": {
      "value": {
        "grafana01": {
          "private": "172.15.1.8",
          "public": "172.182.227.86"
        },
        "vmauth01": {
          "private": "172.15.1.7",
          "public": "20.118.130.2"
        },
        "vminsert01": {
          "private": "172.15.1.6",
          "public": "20.38.10.170"
        },
        "vminsert02": {
          "private": "172.15.1.9",
          "public": "20.163.107.126"
        },
        "vmstorage01": {
          "private": "172.15.1.5",
          "public": "20.150.137.221"
        },
        "vmstorage02": {
          "private": "172.15.1.4",
          "public": "20.150.147.86"
        }
      },
      "type": [
        "object",
        {
          "grafana01": [
            "object",
            {
              "private": "string",
              "public": "string"
            }
          ],
          "vmauth01": [
            "object",
            {
              "private": "string",
              "public": "string"
            }
          ],
          "vminsert01": [
            "object",
            {
              "private": "string",
              "public": "string"
            }
          ],
          "vminsert02": [
            "object",
            {
              "private": "string",
              "public": "string"
            }
          ],
          "vmstorage01": [
            "object",
            {
              "private": "string",
              "public": "string"
            }
          ],
          "vmstorage02": [
            "object",
            {
              "private": "string",
              "public": "string"
            }
          ]
        }
      ]
    },
    "vm_role_groups": {
      "value": {
        "grafana": [
          "shein-test-grafana01"
        ],
        "vmauth": [
          "shein-test-vmauth01"
        ],
        "vminsert": [
          "shein-test-vminsert01",
          "shein-test-vminsert02"
        ],
        "vmstorage": [
          "shein-test-vmstorage01",
          "shein-test-vmstorage02"
        ]
      },
      "type": [
        "object",
        {
          "grafana": [
            "tuple",
            [
              "string"
            ]
          ],
          "vmauth": [
            "tuple",
            [
              "string"
            ]
          ],
          "vminsert": [
            "tuple",
            [
              "string",
              "string"
            ]
          ],
          "vmstorage": [
            "tuple",
            [
              "string",
              "string"
            ]
          ]
        }
      ]
    }
  },
  "resources": [
    {
      "mode": "data",
      "type": "azurerm_client_config",
      "name": "current",
      "provider": "provider[\"registry.terraform.io/hashicorp/azurerm\"]",
      "instances": [
        {
          "schema_version": 0,
          "attributes": {
            "client_id": "04b07795-8ddb-461a-bbee-02f9e1bf7b46",
            "id": "Y2xpZW50Q29uZmlncy9jbGllbnRJZD0wNGIwNzc5NS04ZGRiLTQ2MWEtYmJlZS0wMmY5ZTFiZjdiNDY7b2JqZWN0SWQ9ODY1MDQxMTgtYjFiNi00ZjJlLThkNmMtOGQ2ZDYwYThmOTE5O3N1YnNjcmlwdGlvbklkPWYzODE0MTQ0LTA1NDgtNDY3Yi04ZWRkLTVjNDc3N2I0NGQxMDt0ZW5hbnRJZD0xNmIzYzAxMy1kMzAwLTQ2OGQtYWM2NC03ZWRhMDgyMGI2ZDM=",
            "object_id": "86504118-b1b6-4f2e-8d6c-8d6d60a8f919",
            "subscription_id": "f3814144-0548-467b-8edd-5c4777b44d10",
            "tenant_id": "16b3c013-d300-468d-ac64-7eda0820b6d3",
            "timeouts": null
          },
          "sensitive_attributes": [],
          "identity_schema_version": 0
        }
      ]
    },
    {
      "mode": "data",
      "type": "azurerm_subscription",
      "name": "current",
      "provider": "provider[\"registry.terraform.io/hashicorp/azurerm\"]",
      "instances": [
        {
          "schema_version": 0,
          "attributes": {
            "display_name": "MCAPS-Hybrid-REQ-122372-2025-chunzhang",
            "id": "/subscriptions/f3814144-0548-467b-8edd-5c4777b44d10",
            "location_placement_id": "Internal_2014-09-01",
            "quota_id": "Internal_2014-09-01",
            "spending_limit": "Off",
            "state": "Enabled",
            "subscription_id": "f3814144-0548-467b-8edd-5c4777b44d10",
            "tags": {
              "tag1": "MCAPS-Hybrid-REQ-122372-2025-chunzhang",
              "tag2": "Hybrid"
            },
            "tenant_id": "16b3c013-d300-468d-ac64-7eda0820b6d3",
            "timeouts": null
          },
          "sensitive_attributes": [],
          "identity_schema_version": 0
        }
      ]
    },
    {
      "mode": "managed",
      "type": "azurerm_resource_group",
      "name": "kube",
      "provider": "provider[\"registry.terraform.io/hashicorp/azurerm\"]",
      "instances": [
        {
          "schema_version": 0,
          "attributes": {
            "id": "/subscriptions/f3814144-0548-467b-8edd-5c4777b44d10/resourceGroups/shein-test-rg",
            "location": "westus3",
            "managed_by": "",
            "name": "shein-test-rg",
            "tags": {
              "environment": "Demo"
            },
            "timeouts": null
          },
          "sensitive_attributes": [],
          "identity_schema_version": 0,
          "private": "eyJlMmJmYjczMC1lY2FhLTExZTYtOGY4OC0zNDM2M2JjN2M0YzAiOnsiY3JlYXRlIjo1NDAwMDAwMDAwMDAwLCJkZWxldGUiOjU0MDAwMDAwMDAwMDAsInJlYWQiOjMwMDAwMDAwMDAwMCwidXBkYXRlIjo1NDAwMDAwMDAwMDAwfX0="
        }
      ]
    },
    {
      "mode": "managed",
      "type": "local_file",
      "name": "cluster_inventory",
      "provider": "provider[\"registry.terraform.io/hashicorp/local\"]",
      "instances": [
        {
          "schema_version": 0,
          "attributes": {
            "content": "\n\n[vmstorage]\n\nshein-test-vmstorage01\n\nshein-test-vmstorage02\n\n\n\n\n\n[vminsert]\n\nshein-test-vminsert01\n\nshein-test-vminsert02\n\n\n\n\n\n[vmselect]\n\nshein-test-vminsert01\n\nshein-test-vminsert02\n\n\n\n\n\n[victoria_cluster:children]\n\n\nvmselect\n\nvminsert\n\nvmstorage\n\n\n\n\n\n[vmauth]\n\nshein-test-vmauth01\n\n\n\n\n\n[grafana]\n\nshein-test-grafana01\n\n\n\n\n",
            "content_base64": null,
            "content_base64sha256": "1dj3rTZHnKuFLNLqQrmS8qoE8d4yIQMd3TWgB2MeELE=",
            "content_base64sha512": "UD9uQTaKFns9bO0QJWK9xCE0WfK0yS4q3yeWyEpsm3G/Roo6+FTOMexaXsrM/J+2lgSQt/V7P18oZ16+6C9z+Q==",
            "content_md5": "312e18deb386d0717c9ba48003bf8668",
            "content_sha1": "1d7b05a8bf975cc482bce38fbf86ba9383dd9b30",
            "content_sha256": "d5d8f7ad36479cab852cd2ea42b992f2aa04f1de3221031ddd35a007631e10b1",
            "content_sha512": "503f6e41368a167b3d6ced102562bdc4213459f2b4c92e2adf2796c84a6c9b71bf468a3af854ce31ec5a5ecaccfc9fb6960490b7f57b3f5f28675ebee82f73f9",
            "directory_permission": "0777",
            "file_permission": "0777",
            "filename": "./inventory/cluster-inventory",
            "id": "1d7b05a8bf975cc482bce38fbf86ba9383dd9b30",
            "sensitive_content": null,
            "source": null
          },
          "sensitive_attributes": [
            [
              {
                "type": "get_attr",
                "value": "sensitive_content"
              }
            ]
          ],
          "identity_schema_version": 0,
          "dependencies": [
            "azurerm_resource_group.kube",
            "module.kube_network.azurerm_subnet.subnet",
            "module.kube_network.azurerm_virtual_network.vnet",
            "module.vm.azurerm_linux_virtual_machine.vm",
            "module.vm.azurerm_network_interface.vm",
            "module.vm.azurerm_network_interface_security_group_association.vm",
            "module.vm.azurerm_network_security_group.vm",
            "module.vm.azurerm_public_ip.vm",
            "module.vm.azurerm_windows_virtual_machine.vm",
            "module.vm.random_password.vm_password"
          ]
        }
      ]
    },
    {
      "module": "module.kube_network",
      "mode": "managed",
      "type": "azurerm_subnet",
      "name": "subnet",
      "provider": "provider[\"registry.terraform.io/hashicorp/azurerm\"]",
      "instances": [
        {
          "index_key": "appgw-subnet",
          "schema_version": 0,
          "attributes": {
            "address_prefixes": [
              "172.15.3.0/24"
            ],
            "default_outbound_access_enabled": true,
            "delegation": [
              {
                "name": "ingress_delegation",
                "service_delegation": [
                  {
                    "actions": [
                      "Microsoft.Network/virtualNetworks/subnets/join/action"
                    ],
                    "name": "Microsoft.ServiceNetworking/trafficControllers"
                  }
                ]
              }
            ],
            "enforce_private_link_endpoint_network_policies": false,
            "enforce_private_link_service_network_policies": false,
            "id": "/subscriptions/f3814144-0548-467b-8edd-5c4777b44d10/resourceGroups/shein-test-rg/providers/Microsoft.Network/virtualNetworks/shein-test-vnet/subnets/appgw-subnet",
            "name": "appgw-subnet",
            "private_endpoint_network_policies": "Enabled",
            "private_endpoint_network_policies_enabled": true,
            "private_link_service_network_policies_enabled": true,
            "resource_group_name": "shein-test-rg",
            "service_endpoint_policy_ids": [],
            "service_endpoints": [],
            "timeouts": null,
            "virtual_network_name": "shein-test-vnet"
          },
          "sensitive_attributes": [],
          "identity_schema_version": 0,
          "private": "eyJlMmJmYjczMC1lY2FhLTExZTYtOGY4OC0zNDM2M2JjN2M0YzAiOnsiY3JlYXRlIjoxODAwMDAwMDAwMDAwLCJkZWxldGUiOjE4MDAwMDAwMDAwMDAsInJlYWQiOjMwMDAwMDAwMDAwMCwidXBkYXRlIjoxODAwMDAwMDAwMDAwfX0=",
          "dependencies": [
            "azurerm_resource_group.kube",
            "module.kube_network.azurerm_virtual_network.vnet"
          ]
        },
        {
          "index_key": "ingress-subnet",
          "schema_version": 0,
          "attributes": {
            "address_prefixes": [
              "172.15.4.0/24"
            ],
            "default_outbound_access_enabled": true,
            "delegation": [],
            "enforce_private_link_endpoint_network_policies": false,
            "enforce_private_link_service_network_policies": false,
            "id": "/subscriptions/f3814144-0548-467b-8edd-5c4777b44d10/resourceGroups/shein-test-rg/providers/Microsoft.Network/virtualNetworks/shein-test-vnet/subnets/ingress-subnet",
            "name": "ingress-subnet",
            "private_endpoint_network_policies": "Enabled",
            "private_endpoint_network_policies_enabled": true,
            "private_link_service_network_policies_enabled": true,
            "resource_group_name": "shein-test-rg",
            "service_endpoint_policy_ids": [],
            "service_endpoints": [],
            "timeouts": null,
            "virtual_network_name": "shein-test-vnet"
          },
          "sensitive_attributes": [],
          "identity_schema_version": 0,
          "private": "eyJlMmJmYjczMC1lY2FhLTExZTYtOGY4OC0zNDM2M2JjN2M0YzAiOnsiY3JlYXRlIjoxODAwMDAwMDAwMDAwLCJkZWxldGUiOjE4MDAwMDAwMDAwMDAsInJlYWQiOjMwMDAwMDAwMDAwMCwidXBkYXRlIjoxODAwMDAwMDAwMDAwfX0=",
          "dependencies": [
            "azurerm_resource_group.kube",
            "module.kube_network.azurerm_virtual_network.vnet"
          ]
        },
        {
          "index_key": "mysql-subnet",
          "schema_version": 0,
          "attributes": {
            "address_prefixes": [
              "172.15.5.0/24"
            ],
            "default_outbound_access_enabled": true,
            "delegation": [
              {
                "name": "mysql_flexible_servers",
                "service_delegation": [
                  {
                    "actions": [
                      "Microsoft.Network/virtualNetworks/subnets/join/action"
                    ],
                    "name": "Microsoft.DBforMySQL/flexibleServers"
                  }
                ]
              }
            ],
            "enforce_private_link_endpoint_network_policies": false,
            "enforce_private_link_service_network_policies": false,
            "id": "/subscriptions/f3814144-0548-467b-8edd-5c4777b44d10/resourceGroups/shein-test-rg/providers/Microsoft.Network/virtualNetworks/shein-test-vnet/subnets/mysql-subnet",
            "name": "mysql-subnet",
            "private_endpoint_network_policies": "Enabled",
            "private_endpoint_network_policies_enabled": true,
            "private_link_service_network_policies_enabled": true,
            "resource_group_name": "shein-test-rg",
            "service_endpoint_policy_ids": [],
            "service_endpoints": [],
            "timeouts": null,
            "virtual_network_name": "shein-test-vnet"
          },
          "sensitive_attributes": [],
          "identity_schema_version": 0,
          "private": "eyJlMmJmYjczMC1lY2FhLTExZTYtOGY4OC0zNDM2M2JjN2M0YzAiOnsiY3JlYXRlIjoxODAwMDAwMDAwMDAwLCJkZWxldGUiOjE4MDAwMDAwMDAwMDAsInJlYWQiOjMwMDAwMDAwMDAwMCwidXBkYXRlIjoxODAwMDAwMDAwMDAwfX0=",
          "dependencies": [
            "azurerm_resource_group.kube",
            "module.kube_network.azurerm_virtual_network.vnet"
          ]
        },
        {
          "index_key": "node-subnet",
          "schema_version": 0,
          "attributes": {
            "address_prefixes": [
              "172.15.1.0/24"
            ],
            "default_outbound_access_enabled": true,
            "delegation": [],
            "enforce_private_link_endpoint_network_policies": false,
            "enforce_private_link_service_network_policies": false,
            "id": "/subscriptions/f3814144-0548-467b-8edd-5c4777b44d10/resourceGroups/shein-test-rg/providers/Microsoft.Network/virtualNetworks/shein-test-vnet/subnets/node-subnet",
            "name": "node-subnet",
            "private_endpoint_network_policies": "Enabled",
            "private_endpoint_network_policies_enabled": true,
            "private_link_service_network_policies_enabled": true,
            "resource_group_name": "shein-test-rg",
            "service_endpoint_policy_ids": [],
            "service_endpoints": [],
            "timeouts": null,
            "virtual_network_name": "shein-test-vnet"
          },
          "sensitive_attributes": [],
          "identity_schema_version": 0,
          "private": "eyJlMmJmYjczMC1lY2FhLTExZTYtOGY4OC0zNDM2M2JjN2M0YzAiOnsiY3JlYXRlIjoxODAwMDAwMDAwMDAwLCJkZWxldGUiOjE4MDAwMDAwMDAwMDAsInJlYWQiOjMwMDAwMDAwMDAwMCwidXBkYXRlIjoxODAwMDAwMDAwMDAwfX0=",
          "dependencies": [
            "azurerm_resource_group.kube",
            "module.kube_network.azurerm_virtual_network.vnet"
          ]
        },
        {
          "index_key": "pod-subnet",
          "schema_version": 0,
          "attributes": {
            "address_prefixes": [
              "172.15.2.0/24"
            ],
            "default_outbound_access_enabled": true,
            "delegation": [
              {
                "name": "aks_delegation",
                "service_delegation": [
                  {
                    "actions": [
                      "Microsoft.Network/virtualNetworks/subnets/join/action"
                    ],
                    "name": "Microsoft.ContainerService/managedClusters"
                  }
                ]
              }
            ],
            "enforce_private_link_endpoint_network_policies": false,
            "enforce_private_link_service_network_policies": false,
            "id": "/subscriptions/f3814144-0548-467b-8edd-5c4777b44d10/resourceGroups/shein-test-rg/providers/Microsoft.Network/virtualNetworks/shein-test-vnet/subnets/pod-subnet",
            "name": "pod-subnet",
            "private_endpoint_network_policies": "Enabled",
            "private_endpoint_network_policies_enabled": true,
            "private_link_service_network_policies_enabled": true,
            "resource_group_name": "shein-test-rg",
            "service_endpoint_policy_ids": [],
            "service_endpoints": [],
            "timeouts": null,
            "virtual_network_name": "shein-test-vnet"
          },
          "sensitive_attributes": [],
          "identity_schema_version": 0,
          "private": "eyJlMmJmYjczMC1lY2FhLTExZTYtOGY4OC0zNDM2M2JjN2M0YzAiOnsiY3JlYXRlIjoxODAwMDAwMDAwMDAwLCJkZWxldGUiOjE4MDAwMDAwMDAwMDAsInJlYWQiOjMwMDAwMDAwMDAwMCwidXBkYXRlIjoxODAwMDAwMDAwMDAwfX0=",
          "dependencies": [
            "azurerm_resource_group.kube",
            "module.kube_network.azurerm_virtual_network.vnet"
          ]
        },
        {
          "index_key": "privateendpoint-subnet",
          "schema_version": 0,
          "attributes": {
            "address_prefixes": [
              "172.15.6.0/24"
            ],
            "default_outbound_access_enabled": true,
            "delegation": [],
            "enforce_private_link_endpoint_network_policies": false,
            "enforce_private_link_service_network_policies": false,
            "id": "/subscriptions/f3814144-0548-467b-8edd-5c4777b44d10/resourceGroups/shein-test-rg/providers/Microsoft.Network/virtualNetworks/shein-test-vnet/subnets/privateendpoint-subnet",
            "name": "privateendpoint-subnet",
            "private_endpoint_network_policies": "Enabled",
            "private_endpoint_network_policies_enabled": true,
            "private_link_service_network_policies_enabled": true,
            "resource_group_name": "shein-test-rg",
            "service_endpoint_policy_ids": [],
            "service_endpoints": [],
            "timeouts": null,
            "virtual_network_name": "shein-test-vnet"
          },
          "sensitive_attributes": [],
          "identity_schema_version": 0,
          "private": "eyJlMmJmYjczMC1lY2FhLTExZTYtOGY4OC0zNDM2M2JjN2M0YzAiOnsiY3JlYXRlIjoxODAwMDAwMDAwMDAwLCJkZWxldGUiOjE4MDAwMDAwMDAwMDAsInJlYWQiOjMwMDAwMDAwMDAwMCwidXBkYXRlIjoxODAwMDAwMDAwMDAwfX0=",
          "dependencies": [
            "azurerm_resource_group.kube",
            "module.kube_network.azurerm_virtual_network.vnet"
          ]
        }
      ]
    },
    {
      "module": "module.kube_network",
      "mode": "managed",
      "type": "azurerm_virtual_network",
      "name": "vnet",
      "provider": "provider[\"registry.terraform.io/hashicorp/azurerm\"]",
      "instances": [
        {
          "schema_version": 0,
          "attributes": {
            "address_space": [
              "172.15.0.0/16"
            ],
            "bgp_community": "",
            "ddos_protection_plan": [],
            "dns_servers": [],
            "edge_zone": "",
            "encryption": [],
            "flow_timeout_in_minutes": 0,
            "guid": "69baa6ca-9a87-4361-981e-5db4f5b8b7a5",
            "id": "/subscriptions/f3814144-0548-467b-8edd-5c4777b44d10/resourceGroups/shein-test-rg/providers/Microsoft.Network/virtualNetworks/shein-test-vnet",
            "location": "westus3",
            "name": "shein-test-vnet",
            "resource_group_name": "shein-test-rg",
            "subnet": [
              {
                "address_prefix": "172.15.1.0/24",
                "id": "/subscriptions/f3814144-0548-467b-8edd-5c4777b44d10/resourceGroups/shein-test-rg/providers/Microsoft.Network/virtualNetworks/shein-test-vnet/subnets/node-subnet",
                "name": "node-subnet",
                "security_group": ""
              },
              {
                "address_prefix": "172.15.2.0/24",
                "id": "/subscriptions/f3814144-0548-467b-8edd-5c4777b44d10/resourceGroups/shein-test-rg/providers/Microsoft.Network/virtualNetworks/shein-test-vnet/subnets/pod-subnet",
                "name": "pod-subnet",
                "security_group": ""
              },
              {
                "address_prefix": "172.15.3.0/24",
                "id": "/subscriptions/f3814144-0548-467b-8edd-5c4777b44d10/resourceGroups/shein-test-rg/providers/Microsoft.Network/virtualNetworks/shein-test-vnet/subnets/appgw-subnet",
                "name": "appgw-subnet",
                "security_group": ""
              },
              {
                "address_prefix": "172.15.4.0/24",
                "id": "/subscriptions/f3814144-0548-467b-8edd-5c4777b44d10/resourceGroups/shein-test-rg/providers/Microsoft.Network/virtualNetworks/shein-test-vnet/subnets/ingress-subnet",
                "name": "ingress-subnet",
                "security_group": ""
              },
              {
                "address_prefix": "172.15.5.0/24",
                "id": "/subscriptions/f3814144-0548-467b-8edd-5c4777b44d10/resourceGroups/shein-test-rg/providers/Microsoft.Network/virtualNetworks/shein-test-vnet/subnets/mysql-subnet",
                "name": "mysql-subnet",
                "security_group": ""
              },
              {
                "address_prefix": "172.15.6.0/24",
                "id": "/subscriptions/f3814144-0548-467b-8edd-5c4777b44d10/resourceGroups/shein-test-rg/providers/Microsoft.Network/virtualNetworks/shein-test-vnet/subnets/privateendpoint-subnet",
                "name": "privateendpoint-subnet",
                "security_group": "/subscriptions/f3814144-0548-467b-8edd-5c4777b44d10/resourceGroups/shein-test-rg/providers/Microsoft.Network/networkSecurityGroups/shein-test-vnet-privateendpoint-subnet-nsg-westus3"
              }
            ],
            "tags": {},
            "timeouts": null
          },
          "sensitive_attributes": [],
          "identity_schema_version": 0,
          "private": "eyJlMmJmYjczMC1lY2FhLTExZTYtOGY4OC0zNDM2M2JjN2M0YzAiOnsiY3JlYXRlIjoxODAwMDAwMDAwMDAwLCJkZWxldGUiOjE4MDAwMDAwMDAwMDAsInJlYWQiOjMwMDAwMDAwMDAwMCwidXBkYXRlIjoxODAwMDAwMDAwMDAwfX0=",
          "dependencies": [
            "azurerm_resource_group.kube"
          ]
        }
      ]
    },
    {
      "module": "module.vm",
      "mode": "managed",
      "type": "azurerm_linux_virtual_machine",
      "name": "vm",
      "provider": "provider[\"registry.terraform.io/hashicorp/azurerm\"]",
      "instances": [
        {
          "index_key": "grafana01",
          "schema_version": 0,
          "attributes": {
            "additional_capabilities": [],
            "admin_password": null,
            "admin_ssh_key": [
              {
                "public_key": "ssh-rsa AAAAB3NzaC1yc2EAAAADAQABAAABAQDRSfRHERCSfcgFQXIGa3yyU7Kv9XivEmtks48t0v8uc/A+1WG+l9ZQc/jjWOR9zupvEPCjngXMqZAnz9d3+7KrS0FeWDjooxqhmj4623E2tFx62uwmRsen7CdDqjuFBheK4k5g/saE+nqbeO2kwTWSGxVhE9Cp4ZEonawsfFrJRzJM7qe9BzaKpgK7nLt3T4ItSJHGe60rGikN8M9F8Fxc8kw0uZ06PRWtIh7Ba6duBNDn8xPGtSJynJoNcGB0BA2S+9/E1SO7MKHVcy3r4QZK5XVdtX24rgMKVpt64wX2WQ5Z1Q+ZszdzZd9k2dcL8xgeNGwbVImzza0epknKZueN",
                "username": "azureuser"
              }
            ],
            "admin_username": "azureuser",
            "allow_extension_operations": true,
            "availability_set_id": "",
            "boot_diagnostics": [],
            "bypass_platform_safety_checks_on_user_schedule_enabled": false,
            "capacity_reservation_group_id": "",
            "computer_name": "shein-test-grafana01",
            "custom_data": null,
            "dedicated_host_group_id": "",
            "dedicated_host_id": "",
            "disable_password_authentication": true,
            "disk_controller_type": "SCSI",
            "edge_zone": "",
            "encryption_at_host_enabled": false,
            "eviction_policy": "",
            "extensions_time_budget": "PT1H30M",
            "gallery_application": [],
            "id": "/subscriptions/f3814144-0548-467b-8edd-5c4777b44d10/resourceGroups/shein-test-rg/providers/Microsoft.Compute/virtualMachines/shein-test-grafana01",
            "identity": [],
            "license_type": "",
            "location": "westus3",
            "max_bid_price": -1,
            "name": "shein-test-grafana01",
            "network_interface_ids": [
              "/subscriptions/f3814144-0548-467b-8edd-5c4777b44d10/resourceGroups/shein-test-rg/providers/Microsoft.Network/networkInterfaces/shein-test-grafana01-nic"
            ],
            "os_disk": [
              {
                "caching": "ReadWrite",
                "diff_disk_settings": [],
                "disk_encryption_set_id": "",
                "disk_size_gb": 30,
                "name": "shein-test-grafana01_OsDisk_1_9b5e76d131c34f9188402193dc1ba406",
                "secure_vm_disk_encryption_set_id": "",
                "security_encryption_type": "",
                "storage_account_type": "Premium_LRS",
                "write_accelerator_enabled": false
              }
            ],
            "os_image_notification": [],
            "patch_assessment_mode": "ImageDefault",
            "patch_mode": "ImageDefault",
            "plan": [],
            "platform_fault_domain": -1,
            "priority": "Regular",
            "private_ip_address": "172.15.1.8",
            "private_ip_addresses": [
              "172.15.1.8"
            ],
            "provision_vm_agent": true,
            "proximity_placement_group_id": "",
            "public_ip_address": "172.182.227.86",
            "public_ip_addresses": [
              "172.182.227.86"
            ],
            "reboot_setting": "",
            "resource_group_name": "shein-test-rg",
            "secret": [],
            "secure_boot_enabled": false,
            "size": "Standard_D4s_v5",
            "source_image_id": "",
            "source_image_reference": [
              {
                "offer": "0001-com-ubuntu-server-focal",
                "publisher": "Canonical",
                "sku": "20_04-lts-gen2",
                "version": "latest"
              }
            ],
            "tags": {
              "Component": "vm",
              "CostCenter": "Infrastructure",
              "Environment": "shein-test",
              "ManagedBy": "Terraform",
              "Project": "GitOps-AKS",
              "Purpose": "MessageBroker",
              "Roles": "grafana"
            },
            "termination_notification": [],
            "timeouts": null,
            "user_data": "",
            "virtual_machine_id": "ff6f4cdc-2735-4228-a42c-f4ecf4cdf6d5",
            "virtual_machine_scale_set_id": "",
            "vm_agent_platform_updates_enabled": false,
            "vtpm_enabled": false,
            "zone": ""
          },
          "sensitive_attributes": [
            [
              {
                "type": "get_attr",
                "value": "admin_password"
              }
            ],
            [
              {
                "type": "get_attr",
                "value": "custom_data"
              }
            ]
          ],
          "identity_schema_version": 0,
          "private": "eyJlMmJmYjczMC1lY2FhLTExZTYtOGY4OC0zNDM2M2JjN2M0YzAiOnsiY3JlYXRlIjoyNzAwMDAwMDAwMDAwLCJkZWxldGUiOjI3MDAwMDAwMDAwMDAsInJlYWQiOjMwMDAwMDAwMDAwMCwidXBkYXRlIjoyNzAwMDAwMDAwMDAwfX0=",
          "dependencies": [
            "azurerm_resource_group.kube",
            "module.kube_network.azurerm_subnet.subnet",
            "module.kube_network.azurerm_virtual_network.vnet",
            "module.vm.azurerm_network_interface.vm",
            "module.vm.azurerm_network_interface_security_group_association.vm",
            "module.vm.azurerm_network_security_group.vm",
            "module.vm.azurerm_public_ip.vm"
          ]
        },
        {
          "index_key": "vmauth01",
          "schema_version": 0,
          "attributes": {
            "additional_capabilities": [],
            "admin_password": null,
            "admin_ssh_key": [
              {
                "public_key": "ssh-rsa AAAAB3NzaC1yc2EAAAADAQABAAABAQDRSfRHERCSfcgFQXIGa3yyU7Kv9XivEmtks48t0v8uc/A+1WG+l9ZQc/jjWOR9zupvEPCjngXMqZAnz9d3+7KrS0FeWDjooxqhmj4623E2tFx62uwmRsen7CdDqjuFBheK4k5g/saE+nqbeO2kwTWSGxVhE9Cp4ZEonawsfFrJRzJM7qe9BzaKpgK7nLt3T4ItSJHGe60rGikN8M9F8Fxc8kw0uZ06PRWtIh7Ba6duBNDn8xPGtSJynJoNcGB0BA2S+9/E1SO7MKHVcy3r4QZK5XVdtX24rgMKVpt64wX2WQ5Z1Q+ZszdzZd9k2dcL8xgeNGwbVImzza0epknKZueN",
                "username": "azureuser"
              }
            ],
            "admin_username": "azureuser",
            "allow_extension_operations": true,
            "availability_set_id": "",
            "boot_diagnostics": [],
            "bypass_platform_safety_checks_on_user_schedule_enabled": false,
            "capacity_reservation_group_id": "",
            "computer_name": "shein-test-vmauth01",
            "custom_data": null,
            "dedicated_host_group_id": "",
            "dedicated_host_id": "",
            "disable_password_authentication": true,
            "disk_controller_type": "SCSI",
            "edge_zone": "",
            "encryption_at_host_enabled": false,
            "eviction_policy": "",
            "extensions_time_budget": "PT1H30M",
            "gallery_application": [],
            "id": "/subscriptions/f3814144-0548-467b-8edd-5c4777b44d10/resourceGroups/shein-test-rg/providers/Microsoft.Compute/virtualMachines/shein-test-vmauth01",
            "identity": [],
            "license_type": "",
            "location": "westus3",
            "max_bid_price": -1,
            "name": "shein-test-vmauth01",
            "network_interface_ids": [
              "/subscriptions/f3814144-0548-467b-8edd-5c4777b44d10/resourceGroups/shein-test-rg/providers/Microsoft.Network/networkInterfaces/shein-test-vmauth01-nic"
            ],
            "os_disk": [
              {
                "caching": "ReadWrite",
                "diff_disk_settings": [],
                "disk_encryption_set_id": "",
                "disk_size_gb": 30,
                "name": "shein-test-vmauth01_OsDisk_1_4eaaba43732245f08bbe86f67376610d",
                "secure_vm_disk_encryption_set_id": "",
                "security_encryption_type": "",
                "storage_account_type": "Premium_LRS",
                "write_accelerator_enabled": false
              }
            ],
            "os_image_notification": [],
            "patch_assessment_mode": "ImageDefault",
            "patch_mode": "ImageDefault",
            "plan": [],
            "platform_fault_domain": -1,
            "priority": "Regular",
            "private_ip_address": "172.15.1.7",
            "private_ip_addresses": [
              "172.15.1.7"
            ],
            "provision_vm_agent": true,
            "proximity_placement_group_id": "",
            "public_ip_address": "20.118.130.2",
            "public_ip_addresses": [
              "20.118.130.2"
            ],
            "reboot_setting": "",
            "resource_group_name": "shein-test-rg",
            "secret": [],
            "secure_boot_enabled": false,
            "size": "Standard_D4s_v5",
            "source_image_id": "",
            "source_image_reference": [
              {
                "offer": "0001-com-ubuntu-server-focal",
                "publisher": "Canonical",
                "sku": "20_04-lts-gen2",
                "version": "latest"
              }
            ],
            "tags": {
              "Component": "vm",
              "CostCenter": "Infrastructure",
              "Environment": "shein-test",
              "ManagedBy": "Terraform",
              "Project": "GitOps-AKS",
              "Purpose": "BastionHost",
              "Roles": "vmauth"
            },
            "termination_notification": [],
            "timeouts": null,
            "user_data": "",
            "virtual_machine_id": "4bf444c3-1b45-409c-b198-3cab4ee5b56c",
            "virtual_machine_scale_set_id": "",
            "vm_agent_platform_updates_enabled": false,
            "vtpm_enabled": false,
            "zone": ""
          },
          "sensitive_attributes": [
            [
              {
                "type": "get_attr",
                "value": "admin_password"
              }
            ],
            [
              {
                "type": "get_attr",
                "value": "custom_data"
              }
            ]
          ],
          "identity_schema_version": 0,
          "private": "eyJlMmJmYjczMC1lY2FhLTExZTYtOGY4OC0zNDM2M2JjN2M0YzAiOnsiY3JlYXRlIjoyNzAwMDAwMDAwMDAwLCJkZWxldGUiOjI3MDAwMDAwMDAwMDAsInJlYWQiOjMwMDAwMDAwMDAwMCwidXBkYXRlIjoyNzAwMDAwMDAwMDAwfX0=",
          "dependencies": [
            "azurerm_resource_group.kube",
            "module.kube_network.azurerm_subnet.subnet",
            "module.kube_network.azurerm_virtual_network.vnet",
            "module.vm.azurerm_network_interface.vm",
            "module.vm.azurerm_network_interface_security_group_association.vm",
            "module.vm.azurerm_network_security_group.vm",
            "module.vm.azurerm_public_ip.vm"
          ]
        },
        {
          "index_key": "vminsert01",
          "schema_version": 0,
          "attributes": {
            "additional_capabilities": [],
            "admin_password": null,
            "admin_ssh_key": [
              {
                "public_key": "ssh-rsa AAAAB3NzaC1yc2EAAAADAQABAAABAQDRSfRHERCSfcgFQXIGa3yyU7Kv9XivEmtks48t0v8uc/A+1WG+l9ZQc/jjWOR9zupvEPCjngXMqZAnz9d3+7KrS0FeWDjooxqhmj4623E2tFx62uwmRsen7CdDqjuFBheK4k5g/saE+nqbeO2kwTWSGxVhE9Cp4ZEonawsfFrJRzJM7qe9BzaKpgK7nLt3T4ItSJHGe60rGikN8M9F8Fxc8kw0uZ06PRWtIh7Ba6duBNDn8xPGtSJynJoNcGB0BA2S+9/E1SO7MKHVcy3r4QZK5XVdtX24rgMKVpt64wX2WQ5Z1Q+ZszdzZd9k2dcL8xgeNGwbVImzza0epknKZueN",
                "username": "azureuser"
              }
            ],
            "admin_username": "azureuser",
            "allow_extension_operations": true,
            "availability_set_id": "",
            "boot_diagnostics": [],
            "bypass_platform_safety_checks_on_user_schedule_enabled": false,
            "capacity_reservation_group_id": "",
            "computer_name": "shein-test-vminsert01",
            "custom_data": null,
            "dedicated_host_group_id": "",
            "dedicated_host_id": "",
            "disable_password_authentication": true,
            "disk_controller_type": "SCSI",
            "edge_zone": "",
            "encryption_at_host_enabled": false,
            "eviction_policy": "",
            "extensions_time_budget": "PT1H30M",
            "gallery_application": [],
            "id": "/subscriptions/f3814144-0548-467b-8edd-5c4777b44d10/resourceGroups/shein-test-rg/providers/Microsoft.Compute/virtualMachines/shein-test-vminsert01",
            "identity": [],
            "license_type": "",
            "location": "westus3",
            "max_bid_price": -1,
            "name": "shein-test-vminsert01",
            "network_interface_ids": [
              "/subscriptions/f3814144-0548-467b-8edd-5c4777b44d10/resourceGroups/shein-test-rg/providers/Microsoft.Network/networkInterfaces/shein-test-vminsert01-nic"
            ],
            "os_disk": [
              {
                "caching": "ReadWrite",
                "diff_disk_settings": [],
                "disk_encryption_set_id": "",
                "disk_size_gb": 30,
                "name": "shein-test-vminsert01_OsDisk_1_9ebf536e519841578d476be0c5b96356",
                "secure_vm_disk_encryption_set_id": "",
                "security_encryption_type": "",
                "storage_account_type": "Premium_LRS",
                "write_accelerator_enabled": false
              }
            ],
            "os_image_notification": [],
            "patch_assessment_mode": "ImageDefault",
            "patch_mode": "ImageDefault",
            "plan": [],
            "platform_fault_domain": -1,
            "priority": "Regular",
            "private_ip_address": "172.15.1.6",
            "private_ip_addresses": [
              "172.15.1.6"
            ],
            "provision_vm_agent": true,
            "proximity_placement_group_id": "",
            "public_ip_address": "20.38.10.170",
            "public_ip_addresses": [
              "20.38.10.170"
            ],
            "reboot_setting": "",
            "resource_group_name": "shein-test-rg",
            "secret": [],
            "secure_boot_enabled": false,
            "size": "Standard_D4s_v5",
            "source_image_id": "",
            "source_image_reference": [
              {
                "offer": "0001-com-ubuntu-server-focal",
                "publisher": "Canonical",
                "sku": "20_04-lts-gen2",
                "version": "latest"
              }
            ],
            "tags": {
              "Component": "vm",
              "CostCenter": "Infrastructure",
              "Environment": "shein-test",
              "ManagedBy": "Terraform",
              "Project": "GitOps-AKS",
              "Purpose": "MessageBroker",
              "Roles": "vminsert"
            },
            "termination_notification": [],
            "timeouts": null,
            "user_data": "",
            "virtual_machine_id": "6c033eb5-052f-4781-997a-156d51399ffb",
            "virtual_machine_scale_set_id": "",
            "vm_agent_platform_updates_enabled": false,
            "vtpm_enabled": false,
            "zone": ""
          },
          "sensitive_attributes": [
            [
              {
                "type": "get_attr",
                "value": "admin_password"
              }
            ],
            [
              {
                "type": "get_attr",
                "value": "custom_data"
              }
            ]
          ],
          "identity_schema_version": 0,
          "private": "eyJlMmJmYjczMC1lY2FhLTExZTYtOGY4OC0zNDM2M2JjN2M0YzAiOnsiY3JlYXRlIjoyNzAwMDAwMDAwMDAwLCJkZWxldGUiOjI3MDAwMDAwMDAwMDAsInJlYWQiOjMwMDAwMDAwMDAwMCwidXBkYXRlIjoyNzAwMDAwMDAwMDAwfX0=",
          "dependencies": [
            "azurerm_resource_group.kube",
            "module.kube_network.azurerm_subnet.subnet",
            "module.kube_network.azurerm_virtual_network.vnet",
            "module.vm.azurerm_network_interface.vm",
            "module.vm.azurerm_network_interface_security_group_association.vm",
            "module.vm.azurerm_network_security_group.vm",
            "module.vm.azurerm_public_ip.vm"
          ]
        },
        {
          "index_key": "vminsert02",
          "schema_version": 0,
          "attributes": {
            "additional_capabilities": [],
            "admin_password": null,
            "admin_ssh_key": [
              {
                "public_key": "ssh-rsa AAAAB3NzaC1yc2EAAAADAQABAAABAQDRSfRHERCSfcgFQXIGa3yyU7Kv9XivEmtks48t0v8uc/A+1WG+l9ZQc/jjWOR9zupvEPCjngXMqZAnz9d3+7KrS0FeWDjooxqhmj4623E2tFx62uwmRsen7CdDqjuFBheK4k5g/saE+nqbeO2kwTWSGxVhE9Cp4ZEonawsfFrJRzJM7qe9BzaKpgK7nLt3T4ItSJHGe60rGikN8M9F8Fxc8kw0uZ06PRWtIh7Ba6duBNDn8xPGtSJynJoNcGB0BA2S+9/E1SO7MKHVcy3r4QZK5XVdtX24rgMKVpt64wX2WQ5Z1Q+ZszdzZd9k2dcL8xgeNGwbVImzza0epknKZueN",
                "username": "azureuser"
              }
            ],
            "admin_username": "azureuser",
            "allow_extension_operations": true,
            "availability_set_id": "",
            "boot_diagnostics": [],
            "bypass_platform_safety_checks_on_user_schedule_enabled": false,
            "capacity_reservation_group_id": "",
            "computer_name": "shein-test-vminsert02",
            "custom_data": null,
            "dedicated_host_group_id": "",
            "dedicated_host_id": "",
            "disable_password_authentication": true,
            "disk_controller_type": "SCSI",
            "edge_zone": "",
            "encryption_at_host_enabled": false,
            "eviction_policy": "",
            "extensions_time_budget": "PT1H30M",
            "gallery_application": [],
            "id": "/subscriptions/f3814144-0548-467b-8edd-5c4777b44d10/resourceGroups/shein-test-rg/providers/Microsoft.Compute/virtualMachines/shein-test-vminsert02",
            "identity": [],
            "license_type": "",
            "location": "westus3",
            "max_bid_price": -1,
            "name": "shein-test-vminsert02",
            "network_interface_ids": [
              "/subscriptions/f3814144-0548-467b-8edd-5c4777b44d10/resourceGroups/shein-test-rg/providers/Microsoft.Network/networkInterfaces/shein-test-vminsert02-nic"
            ],
            "os_disk": [
              {
                "caching": "ReadWrite",
                "diff_disk_settings": [],
                "disk_encryption_set_id": "",
                "disk_size_gb": 30,
                "name": "shein-test-vminsert02_OsDisk_1_a1ed5483bd1a4178b6f81138cd50ff15",
                "secure_vm_disk_encryption_set_id": "",
                "security_encryption_type": "",
                "storage_account_type": "Premium_LRS",
                "write_accelerator_enabled": false
              }
            ],
            "os_image_notification": [],
            "patch_assessment_mode": "ImageDefault",
            "patch_mode": "ImageDefault",
            "plan": [],
            "platform_fault_domain": -1,
            "priority": "Regular",
            "private_ip_address": "172.15.1.9",
            "private_ip_addresses": [
              "172.15.1.9"
            ],
            "provision_vm_agent": true,
            "proximity_placement_group_id": "",
            "public_ip_address": "20.163.107.126",
            "public_ip_addresses": [
              "20.163.107.126"
            ],
            "reboot_setting": "",
            "resource_group_name": "shein-test-rg",
            "secret": [],
            "secure_boot_enabled": false,
            "size": "Standard_D4s_v5",
            "source_image_id": "",
            "source_image_reference": [
              {
                "offer": "0001-com-ubuntu-server-focal",
                "publisher": "Canonical",
                "sku": "20_04-lts-gen2",
                "version": "latest"
              }
            ],
            "tags": {
              "Component": "vm",
              "CostCenter": "Infrastructure",
              "Environment": "shein-test",
              "ManagedBy": "Terraform",
              "Project": "GitOps-AKS",
              "Purpose": "MessageBroker",
              "Roles": "vminsert"
            },
            "termination_notification": [],
            "timeouts": null,
            "user_data": "",
            "virtual_machine_id": "bd27b3d0-bbe4-4d6c-aa2d-438045f1d404",
            "virtual_machine_scale_set_id": "",
            "vm_agent_platform_updates_enabled": false,
            "vtpm_enabled": false,
            "zone": ""
          },
          "sensitive_attributes": [
            [
              {
                "type": "get_attr",
                "value": "admin_password"
              }
            ],
            [
              {
                "type": "get_attr",
                "value": "custom_data"
              }
            ]
          ],
          "identity_schema_version": 0,
          "private": "eyJlMmJmYjczMC1lY2FhLTExZTYtOGY4OC0zNDM2M2JjN2M0YzAiOnsiY3JlYXRlIjoyNzAwMDAwMDAwMDAwLCJkZWxldGUiOjI3MDAwMDAwMDAwMDAsInJlYWQiOjMwMDAwMDAwMDAwMCwidXBkYXRlIjoyNzAwMDAwMDAwMDAwfX0=",
          "dependencies": [
            "azurerm_resource_group.kube",
            "module.kube_network.azurerm_subnet.subnet",
            "module.kube_network.azurerm_virtual_network.vnet",
            "module.vm.azurerm_network_interface.vm",
            "module.vm.azurerm_network_interface_security_group_association.vm",
            "module.vm.azurerm_network_security_group.vm",
            "module.vm.azurerm_public_ip.vm"
          ]
        },
        {
          "index_key": "vmstorage01",
          "schema_version": 0,
          "attributes": {
            "additional_capabilities": [],
            "admin_password": null,
            "admin_ssh_key": [
              {
                "public_key": "ssh-rsa AAAAB3NzaC1yc2EAAAADAQABAAABAQDRSfRHERCSfcgFQXIGa3yyU7Kv9XivEmtks48t0v8uc/A+1WG+l9ZQc/jjWOR9zupvEPCjngXMqZAnz9d3+7KrS0FeWDjooxqhmj4623E2tFx62uwmRsen7CdDqjuFBheK4k5g/saE+nqbeO2kwTWSGxVhE9Cp4ZEonawsfFrJRzJM7qe9BzaKpgK7nLt3T4ItSJHGe60rGikN8M9F8Fxc8kw0uZ06PRWtIh7Ba6duBNDn8xPGtSJynJoNcGB0BA2S+9/E1SO7MKHVcy3r4QZK5XVdtX24rgMKVpt64wX2WQ5Z1Q+ZszdzZd9k2dcL8xgeNGwbVImzza0epknKZueN",
                "username": "azureuser"
              }
            ],
            "admin_username": "azureuser",
            "allow_extension_operations": true,
            "availability_set_id": "",
            "boot_diagnostics": [],
            "bypass_platform_safety_checks_on_user_schedule_enabled": false,
            "capacity_reservation_group_id": "",
            "computer_name": "shein-test-vmstorage01",
            "custom_data": null,
            "dedicated_host_group_id": "",
            "dedicated_host_id": "",
            "disable_password_authentication": true,
            "disk_controller_type": "SCSI",
            "edge_zone": "",
            "encryption_at_host_enabled": false,
            "eviction_policy": "",
            "extensions_time_budget": "PT1H30M",
            "gallery_application": [],
            "id": "/subscriptions/f3814144-0548-467b-8edd-5c4777b44d10/resourceGroups/shein-test-rg/providers/Microsoft.Compute/virtualMachines/shein-test-vmstorage01",
            "identity": [],
            "license_type": "",
            "location": "westus3",
            "max_bid_price": -1,
            "name": "shein-test-vmstorage01",
            "network_interface_ids": [
              "/subscriptions/f3814144-0548-467b-8edd-5c4777b44d10/resourceGroups/shein-test-rg/providers/Microsoft.Network/networkInterfaces/shein-test-vmstorage01-nic"
            ],
            "os_disk": [
              {
                "caching": "ReadWrite",
                "diff_disk_settings": [],
                "disk_encryption_set_id": "",
                "disk_size_gb": 30,
                "name": "shein-test-vmstorage01_OsDisk_1_5d84d85a0d184a25a4cbf3a3fb31adc9",
                "secure_vm_disk_encryption_set_id": "",
                "security_encryption_type": "",
                "storage_account_type": "Premium_LRS",
                "write_accelerator_enabled": false
              }
            ],
            "os_image_notification": [],
            "patch_assessment_mode": "ImageDefault",
            "patch_mode": "ImageDefault",
            "plan": [],
            "platform_fault_domain": -1,
            "priority": "Regular",
            "private_ip_address": "172.15.1.5",
            "private_ip_addresses": [
              "172.15.1.5"
            ],
            "provision_vm_agent": true,
            "proximity_placement_group_id": "",
            "public_ip_address": "20.150.137.221",
            "public_ip_addresses": [
              "20.150.137.221"
            ],
            "reboot_setting": "",
            "resource_group_name": "shein-test-rg",
            "secret": [],
            "secure_boot_enabled": false,
            "size": "Standard_D4s_v5",
            "source_image_id": "",
            "source_image_reference": [
              {
                "offer": "0001-com-ubuntu-server-focal",
                "publisher": "Canonical",
                "sku": "20_04-lts-gen2",
                "version": "latest"
              }
            ],
            "tags": {
              "Component": "vm",
              "CostCenter": "Infrastructure",
              "Environment": "shein-test",
              "ManagedBy": "Terraform",
              "Project": "GitOps-AKS",
              "Purpose": "MessageBroker",
              "Roles": "vmstorage"
            },
            "termination_notification": [],
            "timeouts": null,
            "user_data": "",
            "virtual_machine_id": "a274289f-b152-4374-af63-65f519cd265d",
            "virtual_machine_scale_set_id": "",
            "vm_agent_platform_updates_enabled": false,
            "vtpm_enabled": false,
            "zone": ""
          },
          "sensitive_attributes": [
            [
              {
                "type": "get_attr",
                "value": "admin_password"
              }
            ],
            [
              {
                "type": "get_attr",
                "value": "custom_data"
              }
            ]
          ],
          "identity_schema_version": 0,
          "private": "eyJlMmJmYjczMC1lY2FhLTExZTYtOGY4OC0zNDM2M2JjN2M0YzAiOnsiY3JlYXRlIjoyNzAwMDAwMDAwMDAwLCJkZWxldGUiOjI3MDAwMDAwMDAwMDAsInJlYWQiOjMwMDAwMDAwMDAwMCwidXBkYXRlIjoyNzAwMDAwMDAwMDAwfX0=",
          "dependencies": [
            "azurerm_resource_group.kube",
            "module.kube_network.azurerm_subnet.subnet",
            "module.kube_network.azurerm_virtual_network.vnet",
            "module.vm.azurerm_network_interface.vm",
            "module.vm.azurerm_network_interface_security_group_association.vm",
            "module.vm.azurerm_network_security_group.vm",
            "module.vm.azurerm_public_ip.vm"
          ]
        },
        {
          "index_key": "vmstorage02",
          "schema_version": 0,
          "attributes": {
            "additional_capabilities": [],
            "admin_password": null,
            "admin_ssh_key": [
              {
                "public_key": "ssh-rsa AAAAB3NzaC1yc2EAAAADAQABAAABAQDRSfRHERCSfcgFQXIGa3yyU7Kv9XivEmtks48t0v8uc/A+1WG+l9ZQc/jjWOR9zupvEPCjngXMqZAnz9d3+7KrS0FeWDjooxqhmj4623E2tFx62uwmRsen7CdDqjuFBheK4k5g/saE+nqbeO2kwTWSGxVhE9Cp4ZEonawsfFrJRzJM7qe9BzaKpgK7nLt3T4ItSJHGe60rGikN8M9F8Fxc8kw0uZ06PRWtIh7Ba6duBNDn8xPGtSJynJoNcGB0BA2S+9/E1SO7MKHVcy3r4QZK5XVdtX24rgMKVpt64wX2WQ5Z1Q+ZszdzZd9k2dcL8xgeNGwbVImzza0epknKZueN",
                "username": "azureuser"
              }
            ],
            "admin_username": "azureuser",
            "allow_extension_operations": true,
            "availability_set_id": "",
            "boot_diagnostics": [],
            "bypass_platform_safety_checks_on_user_schedule_enabled": false,
            "capacity_reservation_group_id": "",
            "computer_name": "shein-test-vmstorage02",
            "custom_data": null,
            "dedicated_host_group_id": "",
            "dedicated_host_id": "",
            "disable_password_authentication": true,
            "disk_controller_type": "SCSI",
            "edge_zone": "",
            "encryption_at_host_enabled": false,
            "eviction_policy": "",
            "extensions_time_budget": "PT1H30M",
            "gallery_application": [],
            "id": "/subscriptions/f3814144-0548-467b-8edd-5c4777b44d10/resourceGroups/shein-test-rg/providers/Microsoft.Compute/virtualMachines/shein-test-vmstorage02",
            "identity": [],
            "license_type": "",
            "location": "westus3",
            "max_bid_price": -1,
            "name": "shein-test-vmstorage02",
            "network_interface_ids": [
              "/subscriptions/f3814144-0548-467b-8edd-5c4777b44d10/resourceGroups/shein-test-rg/providers/Microsoft.Network/networkInterfaces/shein-test-vmstorage02-nic"
            ],
            "os_disk": [
              {
                "caching": "ReadWrite",
                "diff_disk_settings": [],
                "disk_encryption_set_id": "",
                "disk_size_gb": 30,
                "name": "shein-test-vmstorage02_OsDisk_1_671bdfc6b1784d389ee113979cb0f996",
                "secure_vm_disk_encryption_set_id": "",
                "security_encryption_type": "",
                "storage_account_type": "Premium_LRS",
                "write_accelerator_enabled": false
              }
            ],
            "os_image_notification": [],
            "patch_assessment_mode": "ImageDefault",
            "patch_mode": "ImageDefault",
            "plan": [],
            "platform_fault_domain": -1,
            "priority": "Regular",
            "private_ip_address": "172.15.1.4",
            "private_ip_addresses": [
              "172.15.1.4"
            ],
            "provision_vm_agent": true,
            "proximity_placement_group_id": "",
            "public_ip_address": "20.150.147.86",
            "public_ip_addresses": [
              "20.150.147.86"
            ],
            "reboot_setting": "",
            "resource_group_name": "shein-test-rg",
            "secret": [],
            "secure_boot_enabled": false,
            "size": "Standard_D4s_v5",
            "source_image_id": "",
            "source_image_reference": [
              {
                "offer": "0001-com-ubuntu-server-focal",
                "publisher": "Canonical",
                "sku": "20_04-lts-gen2",
                "version": "latest"
              }
            ],
            "tags": {
              "Component": "vm",
              "CostCenter": "Infrastructure",
              "Environment": "shein-test",
              "ManagedBy": "Terraform",
              "Project": "GitOps-AKS",
              "Purpose": "MessageBroker",
              "Roles": "vmstorage"
            },
            "termination_notification": [],
            "timeouts": null,
            "user_data": "",
            "virtual_machine_id": "e61de366-1047-441d-b95f-4f248fa0444d",
            "virtual_machine_scale_set_id": "",
            "vm_agent_platform_updates_enabled": false,
            "vtpm_enabled": false,
            "zone": ""
          },
          "sensitive_attributes": [
            [
              {
                "type": "get_attr",
                "value": "admin_password"
              }
            ],
            [
              {
                "type": "get_attr",
                "value": "custom_data"
              }
            ]
          ],
          "identity_schema_version": 0,
          "private": "eyJlMmJmYjczMC1lY2FhLTExZTYtOGY4OC0zNDM2M2JjN2M0YzAiOnsiY3JlYXRlIjoyNzAwMDAwMDAwMDAwLCJkZWxldGUiOjI3MDAwMDAwMDAwMDAsInJlYWQiOjMwMDAwMDAwMDAwMCwidXBkYXRlIjoyNzAwMDAwMDAwMDAwfX0=",
          "dependencies": [
            "azurerm_resource_group.kube",
            "module.kube_network.azurerm_subnet.subnet",
            "module.kube_network.azurerm_virtual_network.vnet",
            "module.vm.azurerm_network_interface.vm",
            "module.vm.azurerm_network_interface_security_group_association.vm",
            "module.vm.azurerm_network_security_group.vm",
            "module.vm.azurerm_public_ip.vm"
          ]
        }
      ]
    },
    {
      "module": "module.vm",
      "mode": "managed",
      "type": "azurerm_network_interface",
      "name": "vm",
      "provider": "provider[\"registry.terraform.io/hashicorp/azurerm\"]",
      "instances": [
        {
          "index_key": "grafana01",
          "schema_version": 0,
          "attributes": {
            "accelerated_networking_enabled": false,
            "applied_dns_servers": [],
            "auxiliary_mode": "",
            "auxiliary_sku": "",
            "dns_servers": [],
            "edge_zone": "",
            "enable_accelerated_networking": false,
            "enable_ip_forwarding": false,
            "id": "/subscriptions/f3814144-0548-467b-8edd-5c4777b44d10/resourceGroups/shein-test-rg/providers/Microsoft.Network/networkInterfaces/shein-test-grafana01-nic",
            "internal_dns_name_label": "",
            "internal_domain_name_suffix": "zktlu0mhtjquhga4lw0plofxuf.phxx.internal.cloudapp.net",
            "ip_configuration": [
              {
                "gateway_load_balancer_frontend_ip_configuration_id": "",
                "name": "grafana01-ip-config",
                "primary": true,
                "private_ip_address": "172.15.1.8",
                "private_ip_address_allocation": "Dynamic",
                "private_ip_address_version": "IPv4",
                "public_ip_address_id": "/subscriptions/f3814144-0548-467b-8edd-5c4777b44d10/resourceGroups/shein-test-rg/providers/Microsoft.Network/publicIPAddresses/shein-test-grafana01-pip",
                "subnet_id": "/subscriptions/f3814144-0548-467b-8edd-5c4777b44d10/resourceGroups/shein-test-rg/providers/Microsoft.Network/virtualNetworks/shein-test-vnet/subnets/node-subnet"
              }
            ],
            "ip_forwarding_enabled": false,
            "location": "westus3",
            "mac_address": "7C-ED-8D-E4-33-71",
            "name": "shein-test-grafana01-nic",
            "private_ip_address": "172.15.1.8",
            "private_ip_addresses": [
              "172.15.1.8"
            ],
            "resource_group_name": "shein-test-rg",
            "tags": {
              "Component": "vm",
              "CostCenter": "Infrastructure",
              "Environment": "shein-test",
              "ManagedBy": "Terraform",
              "Project": "GitOps-AKS",
              "Purpose": "MessageBroker",
              "Roles": "grafana"
            },
            "timeouts": null,
            "virtual_machine_id": "/subscriptions/f3814144-0548-467b-8edd-5c4777b44d10/resourceGroups/shein-test-rg/providers/Microsoft.Compute/virtualMachines/shein-test-grafana01"
          },
          "sensitive_attributes": [],
          "identity_schema_version": 0,
          "private": "eyJlMmJmYjczMC1lY2FhLTExZTYtOGY4OC0zNDM2M2JjN2M0YzAiOnsiY3JlYXRlIjoxODAwMDAwMDAwMDAwLCJkZWxldGUiOjE4MDAwMDAwMDAwMDAsInJlYWQiOjMwMDAwMDAwMDAwMCwidXBkYXRlIjoxODAwMDAwMDAwMDAwfX0=",
          "dependencies": [
            "azurerm_resource_group.kube",
            "module.kube_network.azurerm_subnet.subnet",
            "module.kube_network.azurerm_virtual_network.vnet",
            "module.vm.azurerm_public_ip.vm"
          ]
        },
        {
          "index_key": "vmauth01",
          "schema_version": 0,
          "attributes": {
            "accelerated_networking_enabled": false,
            "applied_dns_servers": [],
            "auxiliary_mode": "",
            "auxiliary_sku": "",
            "dns_servers": [],
            "edge_zone": "",
            "enable_accelerated_networking": false,
            "enable_ip_forwarding": false,
            "id": "/subscriptions/f3814144-0548-467b-8edd-5c4777b44d10/resourceGroups/shein-test-rg/providers/Microsoft.Network/networkInterfaces/shein-test-vmauth01-nic",
            "internal_dns_name_label": "",
            "internal_domain_name_suffix": "zktlu0mhtjquhga4lw0plofxuf.phxx.internal.cloudapp.net",
            "ip_configuration": [
              {
                "gateway_load_balancer_frontend_ip_configuration_id": "",
                "name": "vmauth01-ip-config",
                "primary": true,
                "private_ip_address": "172.15.1.7",
                "private_ip_address_allocation": "Dynamic",
                "private_ip_address_version": "IPv4",
                "public_ip_address_id": "/subscriptions/f3814144-0548-467b-8edd-5c4777b44d10/resourceGroups/shein-test-rg/providers/Microsoft.Network/publicIPAddresses/shein-test-vmauth01-pip",
                "subnet_id": "/subscriptions/f3814144-0548-467b-8edd-5c4777b44d10/resourceGroups/shein-test-rg/providers/Microsoft.Network/virtualNetworks/shein-test-vnet/subnets/node-subnet"
              }
            ],
            "ip_forwarding_enabled": false,
            "location": "westus3",
            "mac_address": "70-A8-A5-1C-06-BD",
            "name": "shein-test-vmauth01-nic",
            "private_ip_address": "172.15.1.7",
            "private_ip_addresses": [
              "172.15.1.7"
            ],
            "resource_group_name": "shein-test-rg",
            "tags": {
              "Component": "vm",
              "CostCenter": "Infrastructure",
              "Environment": "shein-test",
              "ManagedBy": "Terraform",
              "Project": "GitOps-AKS",
              "Purpose": "BastionHost",
              "Roles": "vmauth"
            },
            "timeouts": null,
            "virtual_machine_id": "/subscriptions/f3814144-0548-467b-8edd-5c4777b44d10/resourceGroups/shein-test-rg/providers/Microsoft.Compute/virtualMachines/shein-test-vmauth01"
          },
          "sensitive_attributes": [],
          "identity_schema_version": 0,
          "private": "eyJlMmJmYjczMC1lY2FhLTExZTYtOGY4OC0zNDM2M2JjN2M0YzAiOnsiY3JlYXRlIjoxODAwMDAwMDAwMDAwLCJkZWxldGUiOjE4MDAwMDAwMDAwMDAsInJlYWQiOjMwMDAwMDAwMDAwMCwidXBkYXRlIjoxODAwMDAwMDAwMDAwfX0=",
          "dependencies": [
            "azurerm_resource_group.kube",
            "module.kube_network.azurerm_subnet.subnet",
            "module.kube_network.azurerm_virtual_network.vnet",
            "module.vm.azurerm_public_ip.vm"
          ]
        },
        {
          "index_key": "vminsert01",
          "schema_version": 0,
          "attributes": {
            "accelerated_networking_enabled": false,
            "applied_dns_servers": [],
            "auxiliary_mode": "",
            "auxiliary_sku": "",
            "dns_servers": [],
            "edge_zone": "",
            "enable_accelerated_networking": false,
            "enable_ip_forwarding": false,
            "id": "/subscriptions/f3814144-0548-467b-8edd-5c4777b44d10/resourceGroups/shein-test-rg/providers/Microsoft.Network/networkInterfaces/shein-test-vminsert01-nic",
            "internal_dns_name_label": "",
            "internal_domain_name_suffix": "zktlu0mhtjquhga4lw0plofxuf.phxx.internal.cloudapp.net",
            "ip_configuration": [
              {
                "gateway_load_balancer_frontend_ip_configuration_id": "",
                "name": "vminsert01-ip-config",
                "primary": true,
                "private_ip_address": "172.15.1.6",
                "private_ip_address_allocation": "Dynamic",
                "private_ip_address_version": "IPv4",
                "public_ip_address_id": "/subscriptions/f3814144-0548-467b-8edd-5c4777b44d10/resourceGroups/shein-test-rg/providers/Microsoft.Network/publicIPAddresses/shein-test-vminsert01-pip",
                "subnet_id": "/subscriptions/f3814144-0548-467b-8edd-5c4777b44d10/resourceGroups/shein-test-rg/providers/Microsoft.Network/virtualNetworks/shein-test-vnet/subnets/node-subnet"
              }
            ],
            "ip_forwarding_enabled": false,
            "location": "westus3",
            "mac_address": "7C-1E-52-7B-B8-8B",
            "name": "shein-test-vminsert01-nic",
            "private_ip_address": "172.15.1.6",
            "private_ip_addresses": [
              "172.15.1.6"
            ],
            "resource_group_name": "shein-test-rg",
            "tags": {
              "Component": "vm",
              "CostCenter": "Infrastructure",
              "Environment": "shein-test",
              "ManagedBy": "Terraform",
              "Project": "GitOps-AKS",
              "Purpose": "MessageBroker",
              "Roles": "vminsert"
            },
            "timeouts": null,
            "virtual_machine_id": "/subscriptions/f3814144-0548-467b-8edd-5c4777b44d10/resourceGroups/shein-test-rg/providers/Microsoft.Compute/virtualMachines/shein-test-vminsert01"
          },
          "sensitive_attributes": [],
          "identity_schema_version": 0,
          "private": "eyJlMmJmYjczMC1lY2FhLTExZTYtOGY4OC0zNDM2M2JjN2M0YzAiOnsiY3JlYXRlIjoxODAwMDAwMDAwMDAwLCJkZWxldGUiOjE4MDAwMDAwMDAwMDAsInJlYWQiOjMwMDAwMDAwMDAwMCwidXBkYXRlIjoxODAwMDAwMDAwMDAwfX0=",
          "dependencies": [
            "azurerm_resource_group.kube",
            "module.kube_network.azurerm_subnet.subnet",
            "module.kube_network.azurerm_virtual_network.vnet",
            "module.vm.azurerm_public_ip.vm"
          ]
        },
        {
          "index_key": "vminsert02",
          "schema_version": 0,
          "attributes": {
            "accelerated_networking_enabled": false,
            "applied_dns_servers": [],
            "auxiliary_mode": "",
            "auxiliary_sku": "",
            "dns_servers": [],
            "edge_zone": "",
            "enable_accelerated_networking": false,
            "enable_ip_forwarding": false,
            "id": "/subscriptions/f3814144-0548-467b-8edd-5c4777b44d10/resourceGroups/shein-test-rg/providers/Microsoft.Network/networkInterfaces/shein-test-vminsert02-nic",
            "internal_dns_name_label": "",
            "internal_domain_name_suffix": "zktlu0mhtjquhga4lw0plofxuf.phxx.internal.cloudapp.net",
            "ip_configuration": [
              {
                "gateway_load_balancer_frontend_ip_configuration_id": "",
                "name": "vminsert02-ip-config",
                "primary": true,
                "private_ip_address": "172.15.1.9",
                "private_ip_address_allocation": "Dynamic",
                "private_ip_address_version": "IPv4",
                "public_ip_address_id": "/subscriptions/f3814144-0548-467b-8edd-5c4777b44d10/resourceGroups/shein-test-rg/providers/Microsoft.Network/publicIPAddresses/shein-test-vminsert02-pip",
                "subnet_id": "/subscriptions/f3814144-0548-467b-8edd-5c4777b44d10/resourceGroups/shein-test-rg/providers/Microsoft.Network/virtualNetworks/shein-test-vnet/subnets/node-subnet"
              }
            ],
            "ip_forwarding_enabled": false,
            "location": "westus3",
            "mac_address": "7C-ED-8D-E4-05-C3",
            "name": "shein-test-vminsert02-nic",
            "private_ip_address": "172.15.1.9",
            "private_ip_addresses": [
              "172.15.1.9"
            ],
            "resource_group_name": "shein-test-rg",
            "tags": {
              "Component": "vm",
              "CostCenter": "Infrastructure",
              "Environment": "shein-test",
              "ManagedBy": "Terraform",
              "Project": "GitOps-AKS",
              "Purpose": "MessageBroker",
              "Roles": "vminsert"
            },
            "timeouts": null,
            "virtual_machine_id": "/subscriptions/f3814144-0548-467b-8edd-5c4777b44d10/resourceGroups/shein-test-rg/providers/Microsoft.Compute/virtualMachines/shein-test-vminsert02"
          },
          "sensitive_attributes": [],
          "identity_schema_version": 0,
          "private": "eyJlMmJmYjczMC1lY2FhLTExZTYtOGY4OC0zNDM2M2JjN2M0YzAiOnsiY3JlYXRlIjoxODAwMDAwMDAwMDAwLCJkZWxldGUiOjE4MDAwMDAwMDAwMDAsInJlYWQiOjMwMDAwMDAwMDAwMCwidXBkYXRlIjoxODAwMDAwMDAwMDAwfX0=",
          "dependencies": [
            "azurerm_resource_group.kube",
            "module.kube_network.azurerm_subnet.subnet",
            "module.kube_network.azurerm_virtual_network.vnet",
            "module.vm.azurerm_public_ip.vm"
          ]
        },
        {
          "index_key": "vmstorage01",
          "schema_version": 0,
          "attributes": {
            "accelerated_networking_enabled": false,
            "applied_dns_servers": [],
            "auxiliary_mode": "",
            "auxiliary_sku": "",
            "dns_servers": [],
            "edge_zone": "",
            "enable_accelerated_networking": false,
            "enable_ip_forwarding": false,
            "id": "/subscriptions/f3814144-0548-467b-8edd-5c4777b44d10/resourceGroups/shein-test-rg/providers/Microsoft.Network/networkInterfaces/shein-test-vmstorage01-nic",
            "internal_dns_name_label": "",
            "internal_domain_name_suffix": "zktlu0mhtjquhga4lw0plofxuf.phxx.internal.cloudapp.net",
            "ip_configuration": [
              {
                "gateway_load_balancer_frontend_ip_configuration_id": "",
                "name": "vmstorage01-ip-config",
                "primary": true,
                "private_ip_address": "172.15.1.5",
                "private_ip_address_allocation": "Dynamic",
                "private_ip_address_version": "IPv4",
                "public_ip_address_id": "/subscriptions/f3814144-0548-467b-8edd-5c4777b44d10/resourceGroups/shein-test-rg/providers/Microsoft.Network/publicIPAddresses/shein-test-vmstorage01-pip",
                "subnet_id": "/subscriptions/f3814144-0548-467b-8edd-5c4777b44d10/resourceGroups/shein-test-rg/providers/Microsoft.Network/virtualNetworks/shein-test-vnet/subnets/node-subnet"
              }
            ],
            "ip_forwarding_enabled": false,
            "location": "westus3",
            "mac_address": "70-A8-A5-19-42-8B",
            "name": "shein-test-vmstorage01-nic",
            "private_ip_address": "172.15.1.5",
            "private_ip_addresses": [
              "172.15.1.5"
            ],
            "resource_group_name": "shein-test-rg",
            "tags": {
              "Component": "vm",
              "CostCenter": "Infrastructure",
              "Environment": "shein-test",
              "ManagedBy": "Terraform",
              "Project": "GitOps-AKS",
              "Purpose": "MessageBroker",
              "Roles": "vmstorage"
            },
            "timeouts": null,
            "virtual_machine_id": "/subscriptions/f3814144-0548-467b-8edd-5c4777b44d10/resourceGroups/shein-test-rg/providers/Microsoft.Compute/virtualMachines/shein-test-vmstorage01"
          },
          "sensitive_attributes": [],
          "identity_schema_version": 0,
          "private": "eyJlMmJmYjczMC1lY2FhLTExZTYtOGY4OC0zNDM2M2JjN2M0YzAiOnsiY3JlYXRlIjoxODAwMDAwMDAwMDAwLCJkZWxldGUiOjE4MDAwMDAwMDAwMDAsInJlYWQiOjMwMDAwMDAwMDAwMCwidXBkYXRlIjoxODAwMDAwMDAwMDAwfX0=",
          "dependencies": [
            "azurerm_resource_group.kube",
            "module.kube_network.azurerm_subnet.subnet",
            "module.kube_network.azurerm_virtual_network.vnet",
            "module.vm.azurerm_public_ip.vm"
          ]
        },
        {
          "index_key": "vmstorage02",
          "schema_version": 0,
          "attributes": {
            "accelerated_networking_enabled": false,
            "applied_dns_servers": [],
            "auxiliary_mode": "",
            "auxiliary_sku": "",
            "dns_servers": [],
            "edge_zone": "",
            "enable_accelerated_networking": false,
            "enable_ip_forwarding": false,
            "id": "/subscriptions/f3814144-0548-467b-8edd-5c4777b44d10/resourceGroups/shein-test-rg/providers/Microsoft.Network/networkInterfaces/shein-test-vmstorage02-nic",
            "internal_dns_name_label": "",
            "internal_domain_name_suffix": "zktlu0mhtjquhga4lw0plofxuf.phxx.internal.cloudapp.net",
            "ip_configuration": [
              {
                "gateway_load_balancer_frontend_ip_configuration_id": "",
                "name": "vmstorage02-ip-config",
                "primary": true,
                "private_ip_address": "172.15.1.4",
                "private_ip_address_allocation": "Dynamic",
                "private_ip_address_version": "IPv4",
                "public_ip_address_id": "/subscriptions/f3814144-0548-467b-8edd-5c4777b44d10/resourceGroups/shein-test-rg/providers/Microsoft.Network/publicIPAddresses/shein-test-vmstorage02-pip",
                "subnet_id": "/subscriptions/f3814144-0548-467b-8edd-5c4777b44d10/resourceGroups/shein-test-rg/providers/Microsoft.Network/virtualNetworks/shein-test-vnet/subnets/node-subnet"
              }
            ],
            "ip_forwarding_enabled": false,
            "location": "westus3",
            "mac_address": "7C-1E-52-3E-92-4E",
            "name": "shein-test-vmstorage02-nic",
            "private_ip_address": "172.15.1.4",
            "private_ip_addresses": [
              "172.15.1.4"
            ],
            "resource_group_name": "shein-test-rg",
            "tags": {
              "Component": "vm",
              "CostCenter": "Infrastructure",
              "Environment": "shein-test",
              "ManagedBy": "Terraform",
              "Project": "GitOps-AKS",
              "Purpose": "MessageBroker",
              "Roles": "vmstorage"
            },
            "timeouts": null,
            "virtual_machine_id": "/subscriptions/f3814144-0548-467b-8edd-5c4777b44d10/resourceGroups/shein-test-rg/providers/Microsoft.Compute/virtualMachines/shein-test-vmstorage02"
          },
          "sensitive_attributes": [],
          "identity_schema_version": 0,
          "private": "eyJlMmJmYjczMC1lY2FhLTExZTYtOGY4OC0zNDM2M2JjN2M0YzAiOnsiY3JlYXRlIjoxODAwMDAwMDAwMDAwLCJkZWxldGUiOjE4MDAwMDAwMDAwMDAsInJlYWQiOjMwMDAwMDAwMDAwMCwidXBkYXRlIjoxODAwMDAwMDAwMDAwfX0=",
          "dependencies": [
            "azurerm_resource_group.kube",
            "module.kube_network.azurerm_subnet.subnet",
            "module.kube_network.azurerm_virtual_network.vnet",
            "module.vm.azurerm_public_ip.vm"
          ]
        }
      ]
    },
    {
      "module": "module.vm",
      "mode": "managed",
      "type": "azurerm_network_interface_security_group_association",
      "name": "vm",
      "provider": "provider[\"registry.terraform.io/hashicorp/azurerm\"]",
      "instances": [
        {
          "index_key": "grafana01",
          "schema_version": 0,
          "attributes": {
            "id": "/subscriptions/f3814144-0548-467b-8edd-5c4777b44d10/resourceGroups/shein-test-rg/providers/Microsoft.Network/networkInterfaces/shein-test-grafana01-nic|/subscriptions/f3814144-0548-467b-8edd-5c4777b44d10/resourceGroups/shein-test-rg/providers/Microsoft.Network/networkSecurityGroups/shein-test-vm-nsg",
            "network_interface_id": "/subscriptions/f3814144-0548-467b-8edd-5c4777b44d10/resourceGroups/shein-test-rg/providers/Microsoft.Network/networkInterfaces/shein-test-grafana01-nic",
            "network_security_group_id": "/subscriptions/f3814144-0548-467b-8edd-5c4777b44d10/resourceGroups/shein-test-rg/providers/Microsoft.Network/networkSecurityGroups/shein-test-vm-nsg",
            "timeouts": null
          },
          "sensitive_attributes": [],
          "identity_schema_version": 0,
          "private": "eyJlMmJmYjczMC1lY2FhLTExZTYtOGY4OC0zNDM2M2JjN2M0YzAiOnsiY3JlYXRlIjoxODAwMDAwMDAwMDAwLCJkZWxldGUiOjE4MDAwMDAwMDAwMDAsInJlYWQiOjMwMDAwMDAwMDAwMH19",
          "dependencies": [
            "azurerm_resource_group.kube",
            "module.kube_network.azurerm_subnet.subnet",
            "module.kube_network.azurerm_virtual_network.vnet",
            "module.vm.azurerm_network_interface.vm",
            "module.vm.azurerm_network_security_group.vm",
            "module.vm.azurerm_public_ip.vm"
          ]
        },
        {
          "index_key": "vmauth01",
          "schema_version": 0,
          "attributes": {
            "id": "/subscriptions/f3814144-0548-467b-8edd-5c4777b44d10/resourceGroups/shein-test-rg/providers/Microsoft.Network/networkInterfaces/shein-test-vmauth01-nic|/subscriptions/f3814144-0548-467b-8edd-5c4777b44d10/resourceGroups/shein-test-rg/providers/Microsoft.Network/networkSecurityGroups/shein-test-vm-nsg",
            "network_interface_id": "/subscriptions/f3814144-0548-467b-8edd-5c4777b44d10/resourceGroups/shein-test-rg/providers/Microsoft.Network/networkInterfaces/shein-test-vmauth01-nic",
            "network_security_group_id": "/subscriptions/f3814144-0548-467b-8edd-5c4777b44d10/resourceGroups/shein-test-rg/providers/Microsoft.Network/networkSecurityGroups/shein-test-vm-nsg",
            "timeouts": null
          },
          "sensitive_attributes": [],
          "identity_schema_version": 0,
          "private": "eyJlMmJmYjczMC1lY2FhLTExZTYtOGY4OC0zNDM2M2JjN2M0YzAiOnsiY3JlYXRlIjoxODAwMDAwMDAwMDAwLCJkZWxldGUiOjE4MDAwMDAwMDAwMDAsInJlYWQiOjMwMDAwMDAwMDAwMH19",
          "dependencies": [
            "azurerm_resource_group.kube",
            "module.kube_network.azurerm_subnet.subnet",
            "module.kube_network.azurerm_virtual_network.vnet",
            "module.vm.azurerm_network_interface.vm",
            "module.vm.azurerm_network_security_group.vm",
            "module.vm.azurerm_public_ip.vm"
          ]
        },
        {
          "index_key": "vminsert01",
          "schema_version": 0,
          "attributes": {
            "id": "/subscriptions/f3814144-0548-467b-8edd-5c4777b44d10/resourceGroups/shein-test-rg/providers/Microsoft.Network/networkInterfaces/shein-test-vminsert01-nic|/subscriptions/f3814144-0548-467b-8edd-5c4777b44d10/resourceGroups/shein-test-rg/providers/Microsoft.Network/networkSecurityGroups/shein-test-vm-nsg",
            "network_interface_id": "/subscriptions/f3814144-0548-467b-8edd-5c4777b44d10/resourceGroups/shein-test-rg/providers/Microsoft.Network/networkInterfaces/shein-test-vminsert01-nic",
            "network_security_group_id": "/subscriptions/f3814144-0548-467b-8edd-5c4777b44d10/resourceGroups/shein-test-rg/providers/Microsoft.Network/networkSecurityGroups/shein-test-vm-nsg",
            "timeouts": null
          },
          "sensitive_attributes": [],
          "identity_schema_version": 0,
          "private": "eyJlMmJmYjczMC1lY2FhLTExZTYtOGY4OC0zNDM2M2JjN2M0YzAiOnsiY3JlYXRlIjoxODAwMDAwMDAwMDAwLCJkZWxldGUiOjE4MDAwMDAwMDAwMDAsInJlYWQiOjMwMDAwMDAwMDAwMH19",
          "dependencies": [
            "azurerm_resource_group.kube",
            "module.kube_network.azurerm_subnet.subnet",
            "module.kube_network.azurerm_virtual_network.vnet",
            "module.vm.azurerm_network_interface.vm",
            "module.vm.azurerm_network_security_group.vm",
            "module.vm.azurerm_public_ip.vm"
          ]
        },
        {
          "index_key": "vminsert02",
          "schema_version": 0,
          "attributes": {
            "id": "/subscriptions/f3814144-0548-467b-8edd-5c4777b44d10/resourceGroups/shein-test-rg/providers/Microsoft.Network/networkInterfaces/shein-test-vminsert02-nic|/subscriptions/f3814144-0548-467b-8edd-5c4777b44d10/resourceGroups/shein-test-rg/providers/Microsoft.Network/networkSecurityGroups/shein-test-vm-nsg",
            "network_interface_id": "/subscriptions/f3814144-0548-467b-8edd-5c4777b44d10/resourceGroups/shein-test-rg/providers/Microsoft.Network/networkInterfaces/shein-test-vminsert02-nic",
            "network_security_group_id": "/subscriptions/f3814144-0548-467b-8edd-5c4777b44d10/resourceGroups/shein-test-rg/providers/Microsoft.Network/networkSecurityGroups/shein-test-vm-nsg",
            "timeouts": null
          },
          "sensitive_attributes": [],
          "identity_schema_version": 0,
          "private": "eyJlMmJmYjczMC1lY2FhLTExZTYtOGY4OC0zNDM2M2JjN2M0YzAiOnsiY3JlYXRlIjoxODAwMDAwMDAwMDAwLCJkZWxldGUiOjE4MDAwMDAwMDAwMDAsInJlYWQiOjMwMDAwMDAwMDAwMH19",
          "dependencies": [
            "azurerm_resource_group.kube",
            "module.kube_network.azurerm_subnet.subnet",
            "module.kube_network.azurerm_virtual_network.vnet",
            "module.vm.azurerm_network_interface.vm",
            "module.vm.azurerm_network_security_group.vm",
            "module.vm.azurerm_public_ip.vm"
          ]
        },
        {
          "index_key": "vmstorage01",
          "schema_version": 0,
          "attributes": {
            "id": "/subscriptions/f3814144-0548-467b-8edd-5c4777b44d10/resourceGroups/shein-test-rg/providers/Microsoft.Network/networkInterfaces/shein-test-vmstorage01-nic|/subscriptions/f3814144-0548-467b-8edd-5c4777b44d10/resourceGroups/shein-test-rg/providers/Microsoft.Network/networkSecurityGroups/shein-test-vm-nsg",
            "network_interface_id": "/subscriptions/f3814144-0548-467b-8edd-5c4777b44d10/resourceGroups/shein-test-rg/providers/Microsoft.Network/networkInterfaces/shein-test-vmstorage01-nic",
            "network_security_group_id": "/subscriptions/f3814144-0548-467b-8edd-5c4777b44d10/resourceGroups/shein-test-rg/providers/Microsoft.Network/networkSecurityGroups/shein-test-vm-nsg",
            "timeouts": null
          },
          "sensitive_attributes": [],
          "identity_schema_version": 0,
          "private": "eyJlMmJmYjczMC1lY2FhLTExZTYtOGY4OC0zNDM2M2JjN2M0YzAiOnsiY3JlYXRlIjoxODAwMDAwMDAwMDAwLCJkZWxldGUiOjE4MDAwMDAwMDAwMDAsInJlYWQiOjMwMDAwMDAwMDAwMH19",
          "dependencies": [
            "azurerm_resource_group.kube",
            "module.kube_network.azurerm_subnet.subnet",
            "module.kube_network.azurerm_virtual_network.vnet",
            "module.vm.azurerm_network_interface.vm",
            "module.vm.azurerm_network_security_group.vm",
            "module.vm.azurerm_public_ip.vm"
          ]
        },
        {
          "index_key": "vmstorage02",
          "schema_version": 0,
          "attributes": {
            "id": "/subscriptions/f3814144-0548-467b-8edd-5c4777b44d10/resourceGroups/shein-test-rg/providers/Microsoft.Network/networkInterfaces/shein-test-vmstorage02-nic|/subscriptions/f3814144-0548-467b-8edd-5c4777b44d10/resourceGroups/shein-test-rg/providers/Microsoft.Network/networkSecurityGroups/shein-test-vm-nsg",
            "network_interface_id": "/subscriptions/f3814144-0548-467b-8edd-5c4777b44d10/resourceGroups/shein-test-rg/providers/Microsoft.Network/networkInterfaces/shein-test-vmstorage02-nic",
            "network_security_group_id": "/subscriptions/f3814144-0548-467b-8edd-5c4777b44d10/resourceGroups/shein-test-rg/providers/Microsoft.Network/networkSecurityGroups/shein-test-vm-nsg",
            "timeouts": null
          },
          "sensitive_attributes": [],
          "identity_schema_version": 0,
          "private": "eyJlMmJmYjczMC1lY2FhLTExZTYtOGY4OC0zNDM2M2JjN2M0YzAiOnsiY3JlYXRlIjoxODAwMDAwMDAwMDAwLCJkZWxldGUiOjE4MDAwMDAwMDAwMDAsInJlYWQiOjMwMDAwMDAwMDAwMH19",
          "dependencies": [
            "azurerm_resource_group.kube",
            "module.kube_network.azurerm_subnet.subnet",
            "module.kube_network.azurerm_virtual_network.vnet",
            "module.vm.azurerm_network_interface.vm",
            "module.vm.azurerm_network_security_group.vm",
            "module.vm.azurerm_public_ip.vm"
          ]
        }
      ]
    },
    {
      "module": "module.vm",
      "mode": "managed",
      "type": "azurerm_network_security_group",
      "name": "vm",
      "provider": "provider[\"registry.terraform.io/hashicorp/azurerm\"]",
      "instances": [
        {
          "schema_version": 0,
          "attributes": {
            "id": "/subscriptions/f3814144-0548-467b-8edd-5c4777b44d10/resourceGroups/shein-test-rg/providers/Microsoft.Network/networkSecurityGroups/shein-test-vm-nsg",
            "location": "westus3",
            "name": "shein-test-vm-nsg",
            "resource_group_name": "shein-test-rg",
            "security_rule": [
              {
                "access": "Allow",
                "description": "",
                "destination_address_prefix": "*",
                "destination_address_prefixes": [],
                "destination_application_security_group_ids": [],
                "destination_port_range": "10911",
                "destination_port_ranges": [],
                "direction": "Inbound",
                "name": "AllowvmstorageBroker",
                "priority": 103,
                "protocol": "Tcp",
                "source_address_prefix": "*",
                "source_address_prefixes": [],
                "source_application_security_group_ids": [],
                "source_port_range": "*",
                "source_port_ranges": []
              },
              {
                "access": "Allow",
                "description": "",
                "destination_address_prefix": "*",
                "destination_address_prefixes": [],
                "destination_application_security_group_ids": [],
                "destination_port_range": "10912",
                "destination_port_ranges": [],
                "direction": "Inbound",
                "name": "AllowvmstorageBrokerHA",
                "priority": 104,
                "protocol": "Tcp",
                "source_address_prefix": "*",
                "source_address_prefixes": [],
                "source_application_security_group_ids": [],
                "source_port_range": "*",
                "source_port_ranges": []
              },
              {
                "access": "Allow",
                "description": "",
                "destination_address_prefix": "*",
                "destination_address_prefixes": [],
                "destination_application_security_group_ids": [],
                "destination_port_range": "22",
                "destination_port_ranges": [],
                "direction": "Inbound",
                "name": "AllowSSH",
                "priority": 100,
                "protocol": "Tcp",
                "source_address_prefix": "*",
                "source_address_prefixes": [],
                "source_application_security_group_ids": [],
                "source_port_range": "*",
                "source_port_ranges": []
              },
              {
                "access": "Allow",
                "description": "",
                "destination_address_prefix": "*",
                "destination_address_prefixes": [],
                "destination_application_security_group_ids": [],
                "destination_port_range": "3389",
                "destination_port_ranges": [],
                "direction": "Inbound",
                "name": "AllowRDP",
                "priority": 101,
                "protocol": "Tcp",
                "source_address_prefix": "*",
                "source_address_prefixes": [],
                "source_application_security_group_ids": [],
                "source_port_range": "*",
                "source_port_ranges": []
              },
              {
                "access": "Allow",
                "description": "",
                "destination_address_prefix": "*",
                "destination_address_prefixes": [],
                "destination_application_security_group_ids": [],
                "destination_port_range": "8080",
                "destination_port_ranges": [],
                "direction": "Inbound",
                "name": "AllowvmstorageConsole",
                "priority": 105,
                "protocol": "Tcp",
                "source_address_prefix": "*",
                "source_address_prefixes": [],
                "source_application_security_group_ids": [],
                "source_port_range": "*",
                "source_port_ranges": []
              },
              {
                "access": "Allow",
                "description": "",
                "destination_address_prefix": "*",
                "destination_address_prefixes": [],
                "destination_application_security_group_ids": [],
                "destination_port_range": "9876",
                "destination_port_ranges": [],
                "direction": "Inbound",
                "name": "AllowvmstorageNameServer",
                "priority": 102,
                "protocol": "Tcp",
                "source_address_prefix": "*",
                "source_address_prefixes": [],
                "source_application_security_group_ids": [],
                "source_port_range": "*",
                "source_port_ranges": []
              }
            ],
            "tags": {
              "CostCenter": "Infrastructure",
              "Project": "GitOps-AKS"
            },
            "timeouts": null
          },
          "sensitive_attributes": [],
          "identity_schema_version": 0,
          "private": "eyJlMmJmYjczMC1lY2FhLTExZTYtOGY4OC0zNDM2M2JjN2M0YzAiOnsiY3JlYXRlIjoxODAwMDAwMDAwMDAwLCJkZWxldGUiOjE4MDAwMDAwMDAwMDAsInJlYWQiOjMwMDAwMDAwMDAwMCwidXBkYXRlIjoxODAwMDAwMDAwMDAwfX0=",
          "dependencies": [
            "azurerm_resource_group.kube",
            "module.kube_network.azurerm_subnet.subnet",
            "module.kube_network.azurerm_virtual_network.vnet"
          ]
        }
      ]
    },
    {
      "module": "module.vm",
      "mode": "managed",
      "type": "azurerm_public_ip",
      "name": "vm",
      "provider": "provider[\"registry.terraform.io/hashicorp/azurerm\"]",
      "instances": [
        {
          "index_key": "grafana01",
          "schema_version": 0,
          "attributes": {
            "allocation_method": "Static",
            "ddos_protection_mode": "VirtualNetworkInherited",
            "ddos_protection_plan_id": null,
            "domain_name_label": null,
            "edge_zone": "",
            "fqdn": null,
            "id": "/subscriptions/f3814144-0548-467b-8edd-5c4777b44d10/resourceGroups/shein-test-rg/providers/Microsoft.Network/publicIPAddresses/shein-test-grafana01-pip",
            "idle_timeout_in_minutes": 4,
            "ip_address": "172.182.227.86",
            "ip_tags": {},
            "ip_version": "IPv4",
            "location": "westus3",
            "name": "shein-test-grafana01-pip",
            "public_ip_prefix_id": null,
            "resource_group_name": "shein-test-rg",
            "reverse_fqdn": null,
            "sku": "Standard",
            "sku_tier": "Regional",
            "tags": {
              "Component": "vm",
              "CostCenter": "Infrastructure",
              "Environment": "shein-test",
              "ManagedBy": "Terraform",
              "Project": "GitOps-AKS",
              "Purpose": "MessageBroker",
              "Roles": "grafana"
            },
            "timeouts": null,
            "zones": []
          },
          "sensitive_attributes": [],
          "identity_schema_version": 0,
          "private": "eyJlMmJmYjczMC1lY2FhLTExZTYtOGY4OC0zNDM2M2JjN2M0YzAiOnsiY3JlYXRlIjoxODAwMDAwMDAwMDAwLCJkZWxldGUiOjE4MDAwMDAwMDAwMDAsInJlYWQiOjMwMDAwMDAwMDAwMCwidXBkYXRlIjoxODAwMDAwMDAwMDAwfX0=",
          "dependencies": [
            "azurerm_resource_group.kube",
            "module.kube_network.azurerm_subnet.subnet",
            "module.kube_network.azurerm_virtual_network.vnet"
          ]
        },
        {
          "index_key": "vmauth01",
          "schema_version": 0,
          "attributes": {
            "allocation_method": "Static",
            "ddos_protection_mode": "VirtualNetworkInherited",
            "ddos_protection_plan_id": null,
            "domain_name_label": null,
            "edge_zone": "",
            "fqdn": null,
            "id": "/subscriptions/f3814144-0548-467b-8edd-5c4777b44d10/resourceGroups/shein-test-rg/providers/Microsoft.Network/publicIPAddresses/shein-test-vmauth01-pip",
            "idle_timeout_in_minutes": 4,
            "ip_address": "20.118.130.2",
            "ip_tags": {},
            "ip_version": "IPv4",
            "location": "westus3",
            "name": "shein-test-vmauth01-pip",
            "public_ip_prefix_id": null,
            "resource_group_name": "shein-test-rg",
            "reverse_fqdn": null,
            "sku": "Standard",
            "sku_tier": "Regional",
            "tags": {
              "Component": "vm",
              "CostCenter": "Infrastructure",
              "Environment": "shein-test",
              "ManagedBy": "Terraform",
              "Project": "GitOps-AKS",
              "Purpose": "BastionHost",
              "Roles": "vmauth"
            },
            "timeouts": null,
            "zones": []
          },
          "sensitive_attributes": [],
          "identity_schema_version": 0,
          "private": "eyJlMmJmYjczMC1lY2FhLTExZTYtOGY4OC0zNDM2M2JjN2M0YzAiOnsiY3JlYXRlIjoxODAwMDAwMDAwMDAwLCJkZWxldGUiOjE4MDAwMDAwMDAwMDAsInJlYWQiOjMwMDAwMDAwMDAwMCwidXBkYXRlIjoxODAwMDAwMDAwMDAwfX0=",
          "dependencies": [
            "azurerm_resource_group.kube",
            "module.kube_network.azurerm_subnet.subnet",
            "module.kube_network.azurerm_virtual_network.vnet"
          ]
        },
        {
          "index_key": "vminsert01",
          "schema_version": 0,
          "attributes": {
            "allocation_method": "Static",
            "ddos_protection_mode": "VirtualNetworkInherited",
            "ddos_protection_plan_id": null,
            "domain_name_label": null,
            "edge_zone": "",
            "fqdn": null,
            "id": "/subscriptions/f3814144-0548-467b-8edd-5c4777b44d10/resourceGroups/shein-test-rg/providers/Microsoft.Network/publicIPAddresses/shein-test-vminsert01-pip",
            "idle_timeout_in_minutes": 4,
            "ip_address": "20.38.10.170",
            "ip_tags": {},
            "ip_version": "IPv4",
            "location": "westus3",
            "name": "shein-test-vminsert01-pip",
            "public_ip_prefix_id": null,
            "resource_group_name": "shein-test-rg",
            "reverse_fqdn": null,
            "sku": "Standard",
            "sku_tier": "Regional",
            "tags": {
              "Component": "vm",
              "CostCenter": "Infrastructure",
              "Environment": "shein-test",
              "ManagedBy": "Terraform",
              "Project": "GitOps-AKS",
              "Purpose": "MessageBroker",
              "Roles": "vminsert"
            },
            "timeouts": null,
            "zones": []
          },
          "sensitive_attributes": [],
          "identity_schema_version": 0,
          "private": "eyJlMmJmYjczMC1lY2FhLTExZTYtOGY4OC0zNDM2M2JjN2M0YzAiOnsiY3JlYXRlIjoxODAwMDAwMDAwMDAwLCJkZWxldGUiOjE4MDAwMDAwMDAwMDAsInJlYWQiOjMwMDAwMDAwMDAwMCwidXBkYXRlIjoxODAwMDAwMDAwMDAwfX0=",
          "dependencies": [
            "azurerm_resource_group.kube",
            "module.kube_network.azurerm_subnet.subnet",
            "module.kube_network.azurerm_virtual_network.vnet"
          ]
        },
        {
          "index_key": "vminsert02",
          "schema_version": 0,
          "attributes": {
            "allocation_method": "Static",
            "ddos_protection_mode": "VirtualNetworkInherited",
            "ddos_protection_plan_id": null,
            "domain_name_label": null,
            "edge_zone": "",
            "fqdn": null,
            "id": "/subscriptions/f3814144-0548-467b-8edd-5c4777b44d10/resourceGroups/shein-test-rg/providers/Microsoft.Network/publicIPAddresses/shein-test-vminsert02-pip",
            "idle_timeout_in_minutes": 4,
            "ip_address": "20.163.107.126",
            "ip_tags": {},
            "ip_version": "IPv4",
            "location": "westus3",
            "name": "shein-test-vminsert02-pip",
            "public_ip_prefix_id": null,
            "resource_group_name": "shein-test-rg",
            "reverse_fqdn": null,
            "sku": "Standard",
            "sku_tier": "Regional",
            "tags": {
              "Component": "vm",
              "CostCenter": "Infrastructure",
              "Environment": "shein-test",
              "ManagedBy": "Terraform",
              "Project": "GitOps-AKS",
              "Purpose": "MessageBroker",
              "Roles": "vminsert"
            },
            "timeouts": null,
            "zones": []
          },
          "sensitive_attributes": [],
          "identity_schema_version": 0,
          "private": "eyJlMmJmYjczMC1lY2FhLTExZTYtOGY4OC0zNDM2M2JjN2M0YzAiOnsiY3JlYXRlIjoxODAwMDAwMDAwMDAwLCJkZWxldGUiOjE4MDAwMDAwMDAwMDAsInJlYWQiOjMwMDAwMDAwMDAwMCwidXBkYXRlIjoxODAwMDAwMDAwMDAwfX0=",
          "dependencies": [
            "azurerm_resource_group.kube",
            "module.kube_network.azurerm_subnet.subnet",
            "module.kube_network.azurerm_virtual_network.vnet"
          ]
        },
        {
          "index_key": "vmstorage01",
          "schema_version": 0,
          "attributes": {
            "allocation_method": "Static",
            "ddos_protection_mode": "VirtualNetworkInherited",
            "ddos_protection_plan_id": null,
            "domain_name_label": null,
            "edge_zone": "",
            "fqdn": null,
            "id": "/subscriptions/f3814144-0548-467b-8edd-5c4777b44d10/resourceGroups/shein-test-rg/providers/Microsoft.Network/publicIPAddresses/shein-test-vmstorage01-pip",
            "idle_timeout_in_minutes": 4,
            "ip_address": "20.150.137.221",
            "ip_tags": {},
            "ip_version": "IPv4",
            "location": "westus3",
            "name": "shein-test-vmstorage01-pip",
            "public_ip_prefix_id": null,
            "resource_group_name": "shein-test-rg",
            "reverse_fqdn": null,
            "sku": "Standard",
            "sku_tier": "Regional",
            "tags": {
              "Component": "vm",
              "CostCenter": "Infrastructure",
              "Environment": "shein-test",
              "ManagedBy": "Terraform",
              "Project": "GitOps-AKS",
              "Purpose": "MessageBroker",
              "Roles": "vmstorage"
            },
            "timeouts": null,
            "zones": []
          },
          "sensitive_attributes": [],
          "identity_schema_version": 0,
          "private": "eyJlMmJmYjczMC1lY2FhLTExZTYtOGY4OC0zNDM2M2JjN2M0YzAiOnsiY3JlYXRlIjoxODAwMDAwMDAwMDAwLCJkZWxldGUiOjE4MDAwMDAwMDAwMDAsInJlYWQiOjMwMDAwMDAwMDAwMCwidXBkYXRlIjoxODAwMDAwMDAwMDAwfX0=",
          "dependencies": [
            "azurerm_resource_group.kube",
            "module.kube_network.azurerm_subnet.subnet",
            "module.kube_network.azurerm_virtual_network.vnet"
          ]
        },
        {
          "index_key": "vmstorage02",
          "schema_version": 0,
          "attributes": {
            "allocation_method": "Static",
            "ddos_protection_mode": "VirtualNetworkInherited",
            "ddos_protection_plan_id": null,
            "domain_name_label": null,
            "edge_zone": "",
            "fqdn": null,
            "id": "/subscriptions/f3814144-0548-467b-8edd-5c4777b44d10/resourceGroups/shein-test-rg/providers/Microsoft.Network/publicIPAddresses/shein-test-vmstorage02-pip",
            "idle_timeout_in_minutes": 4,
            "ip_address": "20.150.147.86",
            "ip_tags": {},
            "ip_version": "IPv4",
            "location": "westus3",
            "name": "shein-test-vmstorage02-pip",
            "public_ip_prefix_id": null,
            "resource_group_name": "shein-test-rg",
            "reverse_fqdn": null,
            "sku": "Standard",
            "sku_tier": "Regional",
            "tags": {
              "Component": "vm",
              "CostCenter": "Infrastructure",
              "Environment": "shein-test",
              "ManagedBy": "Terraform",
              "Project": "GitOps-AKS",
              "Purpose": "MessageBroker",
              "Roles": "vmstorage"
            },
            "timeouts": null,
            "zones": []
          },
          "sensitive_attributes": [],
          "identity_schema_version": 0,
          "private": "eyJlMmJmYjczMC1lY2FhLTExZTYtOGY4OC0zNDM2M2JjN2M0YzAiOnsiY3JlYXRlIjoxODAwMDAwMDAwMDAwLCJkZWxldGUiOjE4MDAwMDAwMDAwMDAsInJlYWQiOjMwMDAwMDAwMDAwMCwidXBkYXRlIjoxODAwMDAwMDAwMDAwfX0=",
          "dependencies": [
            "azurerm_resource_group.kube",
            "module.kube_network.azurerm_subnet.subnet",
            "module.kube_network.azurerm_virtual_network.vnet"
          ]
        }
      ]
    }
  ],
  "check_results": null
}
